<?xml version="1.0" encoding="utf-8"?>
<Project ToolsVersion="4.0" xmlns="http://schemas.microsoft.com/developer/msbuild/2003">
  <ItemGroup>
    <Filter Include="Source files">
      <UniqueIdentifier>{ffd52710-29c8-4d75-9e19-35f782078762}</UniqueIdentifier>
      <Extensions>cpp;c;cc;cxx;def;odl;idl;hpj;bat;asm;asmx</Extensions>
    </Filter>
    <Filter Include="Resource files">
      <UniqueIdentifier>{bed7d326-1c5b-4eb2-8452-30c7ac4deea1}</UniqueIdentifier>
      <Extensions>rc;ico;cur;bmp;dlg;rc2;rct;bin;rgs;gif;jpg;jpeg;jpe;resx;tiff;tif;png;wav</Extensions>
    </Filter>
    <Filter Include="Source files\Device-specific files">
      <UniqueIdentifier>{8f5b646b-1baf-469b-a785-1b45f66204f1}</UniqueIdentifier>
    </Filter>
    <Filter Include="VisualGDB settings">
      <UniqueIdentifier>{7223d921-cee8-481e-a6dd-ca7968edc0b9}</UniqueIdentifier>
    </Filter>
    <Filter Include="Thor">
      <UniqueIdentifier>{8780aefe-fe79-40e1-a253-e443cdb3b6a9}</UniqueIdentifier>
    </Filter>
    <Filter Include="Thor\config">
      <UniqueIdentifier>{3f730396-d4e0-4109-893e-5c22fa2cad6f}</UniqueIdentifier>
    </Filter>
    <Filter Include="Thor\config\chimera">
      <UniqueIdentifier>{20fef167-e0ba-4063-b30e-1ed16d32cc71}</UniqueIdentifier>
    </Filter>
    <Filter Include="Thor\config\freertos">
      <UniqueIdentifier>{e446e610-53b6-4f6e-bb25-8ce78ae2222c}</UniqueIdentifier>
    </Filter>
    <Filter Include="Thor\config\templates">
      <UniqueIdentifier>{6edc72ff-b615-4bb6-9864-001f05c08c2f}</UniqueIdentifier>
    </Filter>
    <Filter Include="Thor\defaults">
      <UniqueIdentifier>{613683d4-a5ec-4934-965f-214ae0b25ee7}</UniqueIdentifier>
    </Filter>
    <Filter Include="Thor\definitions">
      <UniqueIdentifier>{e78ba05b-e960-46a4-a850-ec11bfae3d22}</UniqueIdentifier>
    </Filter>
    <Filter Include="Thor\drivers">
      <UniqueIdentifier>{ed04af8a-bfc2-4ca9-8538-6dac02a22e1c}</UniqueIdentifier>
    </Filter>
    <Filter Include="Thor\drivers\common">
      <UniqueIdentifier>{5699623f-a9cf-4b66-ba20-806066dbaafa}</UniqueIdentifier>
    </Filter>
    <Filter Include="Thor\drivers\common\cmsis">
      <UniqueIdentifier>{fb43540d-7457-4b75-ba4c-9809929e5ad0}</UniqueIdentifier>
    </Filter>
    <Filter Include="Thor\drivers\common\cmsis\core">
      <UniqueIdentifier>{82bf77c8-e1ac-49f0-ab07-877511c6f980}</UniqueIdentifier>
    </Filter>
    <Filter Include="Thor\drivers\common\cmsis\core\include">
      <UniqueIdentifier>{6a5239d9-5ff3-429f-a324-8c1f88716754}</UniqueIdentifier>
    </Filter>
    <Filter Include="Thor\drivers\common\cortex-m4">
      <UniqueIdentifier>{8ac4103f-396d-41c4-8ebd-d810a994570f}</UniqueIdentifier>
    </Filter>
    <Filter Include="Thor\drivers\common\cortex-m7">
      <UniqueIdentifier>{c4e1609f-7caa-4793-a1c2-d83a81addb0e}</UniqueIdentifier>
    </Filter>
    <Filter Include="Thor\drivers\common\interrupts">
      <UniqueIdentifier>{7de8dd9f-5bd5-4c27-a41e-2235bb893d6a}</UniqueIdentifier>
    </Filter>
    <Filter Include="Thor\drivers\common\mapping">
      <UniqueIdentifier>{f9387d0d-5de9-41ef-bac2-d0a510dc5d0a}</UniqueIdentifier>
    </Filter>
    <Filter Include="Thor\drivers\common\types">
      <UniqueIdentifier>{ea36eddb-715d-4fa3-8bab-fe9c915b0b29}</UniqueIdentifier>
    </Filter>
    <Filter Include="Thor\drivers\f4">
      <UniqueIdentifier>{31b640e5-b7d8-42bc-93cf-dc98a3a073a1}</UniqueIdentifier>
    </Filter>
    <Filter Include="Thor\drivers\f4\common">
      <UniqueIdentifier>{05ad080a-59aa-4ce0-8030-605103ea5e62}</UniqueIdentifier>
    </Filter>
    <Filter Include="Thor\drivers\f4\dma">
      <UniqueIdentifier>{dc022596-2440-42a8-8966-5026c05edba1}</UniqueIdentifier>
    </Filter>
    <Filter Include="Thor\drivers\f4\flash">
      <UniqueIdentifier>{a6edc290-1c23-4d64-94e4-117fe17edff8}</UniqueIdentifier>
    </Filter>
    <Filter Include="Thor\drivers\f4\gpio">
      <UniqueIdentifier>{072f99a7-4397-4e35-932f-4b2230b899eb}</UniqueIdentifier>
    </Filter>
    <Filter Include="Thor\drivers\f4\interrupt">
      <UniqueIdentifier>{42e405e1-6ea5-41b9-a8b4-6ad42a2d7f5e}</UniqueIdentifier>
    </Filter>
    <Filter Include="Thor\drivers\f4\iwdg">
      <UniqueIdentifier>{d526da8e-6843-4d0b-8db0-3ca3feda4204}</UniqueIdentifier>
    </Filter>
    <Filter Include="Thor\drivers\f4\nvic">
      <UniqueIdentifier>{8c58098e-5006-4954-a6fe-c03a0ee10231}</UniqueIdentifier>
    </Filter>
    <Filter Include="Thor\drivers\f4\power">
      <UniqueIdentifier>{20e64b0f-6ad8-4578-bf83-f2d3540ea868}</UniqueIdentifier>
    </Filter>
    <Filter Include="Thor\drivers\f4\rcc">
      <UniqueIdentifier>{3d01fa0a-c4f2-4b3f-81e7-63033c81df79}</UniqueIdentifier>
    </Filter>
    <Filter Include="Thor\drivers\f4\spi">
      <UniqueIdentifier>{c53d78c1-2c3a-4a7f-9ebd-5e92881606fa}</UniqueIdentifier>
    </Filter>
    <Filter Include="Thor\drivers\f4\startup">
      <UniqueIdentifier>{8164dfbc-f6ad-43b0-889d-559d76db215b}</UniqueIdentifier>
    </Filter>
    <Filter Include="Thor\drivers\f4\system">
      <UniqueIdentifier>{8551595d-d1c1-411a-bcd7-8544bbc95d06}</UniqueIdentifier>
    </Filter>
    <Filter Include="Thor\drivers\f4\uart">
      <UniqueIdentifier>{91e776ce-cb15-448e-9243-044986f757ca}</UniqueIdentifier>
    </Filter>
    <Filter Include="Thor\drivers\f4\usart">
      <UniqueIdentifier>{3d799958-61ae-4e96-b4ed-914d0a2e9ade}</UniqueIdentifier>
    </Filter>
    <Filter Include="Thor\drivers\f4\wwdg">
      <UniqueIdentifier>{4f05770b-6683-43dc-ab58-4507c78f8a9d}</UniqueIdentifier>
    </Filter>
    <Filter Include="Thor\drivers\model">
      <UniqueIdentifier>{97f65408-2501-4096-ad9e-966a08548ecc}</UniqueIdentifier>
    </Filter>
    <Filter Include="Thor\resources">
      <UniqueIdentifier>{bfb4a2d6-67db-4eb9-b24a-49453da78ca6}</UniqueIdentifier>
    </Filter>
    <Filter Include="Thor\types">
      <UniqueIdentifier>{2a921d0a-f4cc-488c-9e06-a9f05a7a3602}</UniqueIdentifier>
    </Filter>
  </ItemGroup>
  <ItemGroup>
    <None Include="stm32.props">
      <Filter>Source files\Device-specific files</Filter>
    </None>
    <None Include="ThorStaticLibrary-Debug.vgdbsettings">
      <Filter>VisualGDB settings</Filter>
    </None>
    <None Include="ThorStaticLibrary-Release.vgdbsettings">
      <Filter>VisualGDB settings</Filter>
    </None>
    <None Include="stm32.xml">
      <Filter>VisualGDB settings</Filter>
    </None>
    <ClCompile Include="..\..\..\Thor\sram.cpp">
      <Filter>Thor</Filter>
    </ClCompile>
    <ClCompile Include="..\..\..\Thor\thor.cpp">
      <Filter>Thor</Filter>
    </ClCompile>
    <ClCompile Include="..\..\..\Thor\thor_boost_stub.cpp">
      <Filter>Thor</Filter>
    </ClCompile>
    <ClCompile Include="..\..\..\Thor\thor_core.cpp">
      <Filter>Thor</Filter>
    </ClCompile>
    <ClCompile Include="..\..\..\Thor\thor_crc.cpp">
      <Filter>Thor</Filter>
    </ClCompile>
    <ClCompile Include="..\..\..\Thor\thor_custom_dma.cpp">
      <Filter>Thor</Filter>
    </ClCompile>
    <ClCompile Include="..\..\..\Thor\thor_custom_gpio.cpp">
      <Filter>Thor</Filter>
    </ClCompile>
    <ClCompile Include="..\..\..\Thor\thor_custom_spi.cpp">
      <Filter>Thor</Filter>
    </ClCompile>
    <ClCompile Include="..\..\..\Thor\thor_custom_uart.cpp">
      <Filter>Thor</Filter>
    </ClCompile>
    <ClCompile Include="..\..\..\Thor\thor_custom_usart.cpp">
      <Filter>Thor</Filter>
    </ClCompile>
    <ClCompile Include="..\..\..\Thor\thor_custom_watchdog.cpp">
      <Filter>Thor</Filter>
    </ClCompile>
    <ClCompile Include="..\..\..\Thor\thor_event.cpp">
      <Filter>Thor</Filter>
    </ClCompile>
    <ClCompile Include="..\..\..\Thor\thor_exceptions.cpp">
      <Filter>Thor</Filter>
    </ClCompile>
    <ClCompile Include="..\..\..\Thor\thor_exti.cpp">
      <Filter>Thor</Filter>
    </ClCompile>
    <ClCompile Include="..\..\..\Thor\thor_flash.cpp">
      <Filter>Thor</Filter>
    </ClCompile>
    <ClCompile Include="..\..\..\Thor\thor_gpio.cpp">
      <Filter>Thor</Filter>
    </ClCompile>
    <ClCompile Include="..\..\..\Thor\thor_power.cpp">
      <Filter>Thor</Filter>
    </ClCompile>
    <ClCompile Include="..\..\..\Thor\thor_print.cpp">
      <Filter>Thor</Filter>
    </ClCompile>
    <ClCompile Include="..\..\..\Thor\thor_serial.cpp">
      <Filter>Thor</Filter>
    </ClCompile>
    <ClCompile Include="..\..\..\Thor\thor_spi.cpp">
      <Filter>Thor</Filter>
    </ClCompile>
    <ClCompile Include="..\..\..\Thor\thor_sram.cpp">
      <Filter>Thor</Filter>
    </ClCompile>
    <ClCompile Include="..\..\..\Thor\thor_stm32hal_uart.cpp">
      <Filter>Thor</Filter>
    </ClCompile>
    <ClCompile Include="..\..\..\Thor\thor_stm32hal_usart.cpp">
      <Filter>Thor</Filter>
    </ClCompile>
    <ClCompile Include="..\..\..\Thor\thor_system.cpp">
      <Filter>Thor</Filter>
    </ClCompile>
    <ClInclude Include="..\..\..\Thor\boostStub.hpp">
      <Filter>Thor</Filter>
    </ClInclude>
    <ClInclude Include="..\..\..\Thor\config.hpp">
      <Filter>Thor</Filter>
    </ClInclude>
    <ClInclude Include="..\..\..\Thor\core.hpp">
      <Filter>Thor</Filter>
    </ClInclude>
    <ClInclude Include="..\..\..\Thor\crc.hpp">
      <Filter>Thor</Filter>
    </ClInclude>
    <ClInclude Include="..\..\..\Thor\dma.hpp">
      <Filter>Thor</Filter>
    </ClInclude>
    <ClInclude Include="..\..\..\Thor\ethernet.hpp">
      <Filter>Thor</Filter>
    </ClInclude>
    <ClInclude Include="..\..\..\Thor\event.hpp">
      <Filter>Thor</Filter>
    </ClInclude>
    <ClInclude Include="..\..\..\Thor\exceptions.hpp">
      <Filter>Thor</Filter>
    </ClInclude>
    <ClInclude Include="..\..\..\Thor\exti.hpp">
      <Filter>Thor</Filter>
    </ClInclude>
    <ClInclude Include="..\..\..\Thor\flash.hpp">
      <Filter>Thor</Filter>
    </ClInclude>
    <ClInclude Include="..\..\..\Thor\gpio.hpp">
      <Filter>Thor</Filter>
    </ClInclude>
    <ClInclude Include="..\..\..\Thor\headers.hpp">
      <Filter>Thor</Filter>
    </ClInclude>
    <ClInclude Include="..\..\..\Thor\macro.hpp">
      <Filter>Thor</Filter>
    </ClInclude>
    <ClInclude Include="..\..\..\Thor\nucleo.hpp">
      <Filter>Thor</Filter>
    </ClInclude>
    <ClInclude Include="..\..\..\Thor\power.hpp">
      <Filter>Thor</Filter>
    </ClInclude>
    <ClInclude Include="..\..\..\Thor\preprocessor.hpp">
      <Filter>Thor</Filter>
    </ClInclude>
    <ClInclude Include="..\..\..\Thor\print.hpp">
      <Filter>Thor</Filter>
    </ClInclude>
    <ClInclude Include="..\..\..\Thor\serial.hpp">
      <Filter>Thor</Filter>
    </ClInclude>
    <ClInclude Include="..\..\..\Thor\spi.hpp">
      <Filter>Thor</Filter>
    </ClInclude>
    <ClInclude Include="..\..\..\Thor\sram.hpp">
      <Filter>Thor</Filter>
    </ClInclude>
    <ClInclude Include="..\..\..\Thor\system.hpp">
      <Filter>Thor</Filter>
    </ClInclude>
    <ClInclude Include="..\..\..\Thor\thor.hpp">
      <Filter>Thor</Filter>
    </ClInclude>
    <ClInclude Include="..\..\..\Thor\uart.hpp">
      <Filter>Thor</Filter>
    </ClInclude>
    <ClInclude Include="..\..\..\Thor\usart.hpp">
      <Filter>Thor</Filter>
    </ClInclude>
    <ClInclude Include="..\..\..\Thor\watchdog.hpp">
      <Filter>Thor</Filter>
    </ClInclude>
    <ClInclude Include="..\..\..\Thor\config\chimera\chimeraPort.hpp">
      <Filter>Thor\config\chimera</Filter>
    </ClInclude>
    <ClCompile Include="..\..\..\Thor\config\freertos\thor_freertos_hooks_prj.cpp">
      <Filter>Thor\config\freertos</Filter>
    </ClCompile>
    <ClInclude Include="..\..\..\Thor\config\freertos\FreeRTOSConfig.h">
      <Filter>Thor\config\freertos</Filter>
    </ClInclude>
    <ClInclude Include="..\..\..\Thor\config\templates\thorDriverConfig.hpp">
      <Filter>Thor\config\templates</Filter>
    </ClInclude>
    <ClCompile Include="..\..\..\Thor\defaults\serial_defaults.cpp">
      <Filter>Thor\defaults</Filter>
    </ClCompile>
    <ClCompile Include="..\..\..\Thor\defaults\spi_defaults.cpp">
      <Filter>Thor\defaults</Filter>
    </ClCompile>
    <ClInclude Include="..\..\..\Thor\defaults\serial_defaults.hpp">
      <Filter>Thor\defaults</Filter>
    </ClInclude>
    <ClInclude Include="..\..\..\Thor\defaults\spi_defaults.hpp">
      <Filter>Thor\defaults</Filter>
    </ClInclude>
    <ClInclude Include="..\..\..\Thor\definitions\dma_definitions.hpp">
      <Filter>Thor\definitions</Filter>
    </ClInclude>
    <ClInclude Include="..\..\..\Thor\definitions\interrupt_definitions.hpp">
      <Filter>Thor\definitions</Filter>
    </ClInclude>
    <ClInclude Include="..\..\..\Thor\definitions\serial_definitions.hpp">
      <Filter>Thor\definitions</Filter>
    </ClInclude>
    <ClInclude Include="..\..\..\Thor\definitions\spi_definitions.hpp">
      <Filter>Thor\definitions</Filter>
    </ClInclude>
    <ClInclude Include="..\..\..\Thor\definitions\system_checks.hpp">
      <Filter>Thor\definitions</Filter>
    </ClInclude>
    <ClInclude Include="..\..\..\Thor\definitions\uart_definitions.hpp">
      <Filter>Thor\definitions</Filter>
    </ClInclude>
    <ClInclude Include="..\..\..\Thor\definitions\usart_definitions.hpp">
      <Filter>Thor\definitions</Filter>
    </ClInclude>
    <ClInclude Include="..\..\..\Thor\drivers\dma.hpp">
      <Filter>Thor\drivers</Filter>
    </ClInclude>
    <ClInclude Include="..\..\..\Thor\drivers\gpio.hpp">
      <Filter>Thor\drivers</Filter>
    </ClInclude>
    <ClInclude Include="..\..\..\Thor\drivers\interrupt.hpp">
      <Filter>Thor\drivers</Filter>
    </ClInclude>
    <ClInclude Include="..\..\..\Thor\drivers\nvic.hpp">
      <Filter>Thor\drivers</Filter>
    </ClInclude>
    <ClInclude Include="..\..\..\Thor\drivers\rcc.hpp">
      <Filter>Thor\drivers</Filter>
    </ClInclude>
    <ClInclude Include="..\..\..\Thor\drivers\spi.hpp">
      <Filter>Thor\drivers</Filter>
    </ClInclude>
    <ClInclude Include="..\..\..\Thor\drivers\uart.hpp">
      <Filter>Thor\drivers</Filter>
    </ClInclude>
    <ClInclude Include="..\..\..\Thor\drivers\usart.hpp">
      <Filter>Thor\drivers</Filter>
    </ClInclude>
    <ClInclude Include="..\..\..\Thor\drivers\watchdog.hpp">
      <Filter>Thor\drivers</Filter>
    </ClInclude>
    <ClInclude Include="..\..\..\Thor\drivers\common\cmsis\configuration.hpp">
      <Filter>Thor\drivers\common\cmsis</Filter>
    </ClInclude>
    <ClInclude Include="..\..\..\Thor\drivers\common\cmsis\core\include\cmsis_compiler.h">
      <Filter>Thor\drivers\common\cmsis\core\include</Filter>
    </ClInclude>
    <ClInclude Include="..\..\..\Thor\drivers\common\cmsis\core\include\cmsis_gcc.h">
      <Filter>Thor\drivers\common\cmsis\core\include</Filter>
    </ClInclude>
    <ClInclude Include="..\..\..\Thor\drivers\common\cmsis\core\include\cmsis_version.h">
      <Filter>Thor\drivers\common\cmsis\core\include</Filter>
    </ClInclude>
    <ClInclude Include="..\..\..\Thor\drivers\common\cmsis\core\include\cmsis_windows.h">
      <Filter>Thor\drivers\common\cmsis\core\include</Filter>
    </ClInclude>
    <ClInclude Include="..\..\..\Thor\drivers\common\cmsis\core\include\core_cm4.h">
      <Filter>Thor\drivers\common\cmsis\core\include</Filter>
    </ClInclude>
    <ClInclude Include="..\..\..\Thor\drivers\common\cmsis\core\include\mpu_armv7.h">
      <Filter>Thor\drivers\common\cmsis\core\include</Filter>
    </ClInclude>
    <ClInclude Include="..\..\..\Thor\drivers\common\cortex-m4\register.hpp">
      <Filter>Thor\drivers\common\cortex-m4</Filter>
    </ClInclude>
    <ClInclude Include="..\..\..\Thor\drivers\common\cortex-m4\utilities.hpp">
      <Filter>Thor\drivers\common\cortex-m4</Filter>
    </ClInclude>
    <ClInclude Include="..\..\..\Thor\drivers\common\cortex-m7\register.hpp">
      <Filter>Thor\drivers\common\cortex-m7</Filter>
    </ClInclude>
    <ClInclude Include="..\..\..\Thor\drivers\common\interrupts\dma_interrupt_vectors.hpp">
      <Filter>Thor\drivers\common\interrupts</Filter>
    </ClInclude>
    <ClInclude Include="..\..\..\Thor\drivers\common\interrupts\spi_interrupt_vectors.hpp">
      <Filter>Thor\drivers\common\interrupts</Filter>
    </ClInclude>
    <ClInclude Include="..\..\..\Thor\drivers\common\interrupts\usart_interrupt_vectors.hpp">
      <Filter>Thor\drivers\common\interrupts</Filter>
    </ClInclude>
    <ClCompile Include="..\..\..\Thor\drivers\common\mapping\peripheral_mapping.cpp">
      <Filter>Thor\drivers\common\mapping</Filter>
    </ClCompile>
    <ClInclude Include="..\..\..\Thor\drivers\common\mapping\peripheral_mapping.hpp">
      <Filter>Thor\drivers\common\mapping</Filter>
    </ClInclude>
    <ClInclude Include="..\..\..\Thor\drivers\common\types\callback_types.hpp">
      <Filter>Thor\drivers\common\types</Filter>
    </ClInclude>
    <ClInclude Include="..\..\..\Thor\drivers\common\types\dma_types.hpp">
      <Filter>Thor\drivers\common\types</Filter>
    </ClInclude>
    <ClInclude Include="..\..\..\Thor\drivers\common\types\gpio_types.hpp">
      <Filter>Thor\drivers\common\types</Filter>
    </ClInclude>
    <ClInclude Include="..\..\..\Thor\drivers\common\types\interrupt_types.hpp">
      <Filter>Thor\drivers\common\types</Filter>
    </ClInclude>
    <ClInclude Include="..\..\..\Thor\drivers\common\types\serial_types.hpp">
      <Filter>Thor\drivers\common\types</Filter>
    </ClInclude>
    <ClInclude Include="..\..\..\Thor\drivers\common\types\spi_types.hpp">
      <Filter>Thor\drivers\common\types</Filter>
    </ClInclude>
    <ClInclude Include="..\..\..\Thor\drivers\f4\common\definitions.hpp">
      <Filter>Thor\drivers\f4\common</Filter>
    </ClInclude>
    <ClInclude Include="..\..\..\Thor\drivers\f4\common\types.hpp">
      <Filter>Thor\drivers\f4\common</Filter>
    </ClInclude>
    <ClCompile Include="..\..\..\Thor\drivers\f4\dma\hw_dma_driver_stm32f4.cpp">
      <Filter>Thor\drivers\f4\dma</Filter>
    </ClCompile>
    <ClCompile Include="..\..\..\Thor\drivers\f4\dma\hw_dma_mapping.cpp">
      <Filter>Thor\drivers\f4\dma</Filter>
    </ClCompile>
    <ClCompile Include="..\..\..\Thor\drivers\f4\dma\hw_dma_register_stm32f446xx.cpp">
      <Filter>Thor\drivers\f4\dma</Filter>
    </ClCompile>
    <ClInclude Include="..\..\..\Thor\drivers\f4\dma\hw_dma_driver.hpp">
      <Filter>Thor\drivers\f4\dma</Filter>
    </ClInclude>
    <ClInclude Include="..\..\..\Thor\drivers\f4\dma\hw_dma_mapping.hpp">
      <Filter>Thor\drivers\f4\dma</Filter>
    </ClInclude>
    <ClInclude Include="..\..\..\Thor\drivers\f4\dma\hw_dma_prj.hpp">
      <Filter>Thor\drivers\f4\dma</Filter>
    </ClInclude>
    <ClInclude Include="..\..\..\Thor\drivers\f4\dma\hw_dma_register_stm32f446xx.hpp">
      <Filter>Thor\drivers\f4\dma</Filter>
    </ClInclude>
    <ClInclude Include="..\..\..\Thor\drivers\f4\dma\hw_dma_types.hpp">
      <Filter>Thor\drivers\f4\dma</Filter>
    </ClInclude>
    <ClCompile Include="..\..\..\Thor\drivers\f4\flash\hw_flash_driver_stm32f4.cpp">
      <Filter>Thor\drivers\f4\flash</Filter>
    </ClCompile>
    <ClCompile Include="..\..\..\Thor\drivers\f4\flash\hw_flash_mapping.cpp">
      <Filter>Thor\drivers\f4\flash</Filter>
    </ClCompile>
    <ClInclude Include="..\..\..\Thor\drivers\f4\flash\hw_flash_driver.hpp">
      <Filter>Thor\drivers\f4\flash</Filter>
    </ClInclude>
    <ClInclude Include="..\..\..\Thor\drivers\f4\flash\hw_flash_mapping.hpp">
      <Filter>Thor\drivers\f4\flash</Filter>
    </ClInclude>
    <ClInclude Include="..\..\..\Thor\drivers\f4\flash\hw_flash_prj.hpp">
      <Filter>Thor\drivers\f4\flash</Filter>
    </ClInclude>
    <ClInclude Include="..\..\..\Thor\drivers\f4\flash\hw_flash_register_stm32f446xx.hpp">
      <Filter>Thor\drivers\f4\flash</Filter>
    </ClInclude>
    <ClInclude Include="..\..\..\Thor\drivers\f4\flash\hw_flash_types.hpp">
      <Filter>Thor\drivers\f4\flash</Filter>
    </ClInclude>
    <ClCompile Include="..\..\..\Thor\drivers\f4\gpio\hw_gpio_driver_stm32f4.cpp">
      <Filter>Thor\drivers\f4\gpio</Filter>
    </ClCompile>
    <ClCompile Include="..\..\..\Thor\drivers\f4\gpio\hw_gpio_mapping.cpp">
      <Filter>Thor\drivers\f4\gpio</Filter>
    </ClCompile>
    <ClCompile Include="..\..\..\Thor\drivers\f4\gpio\hw_gpio_register_stm32f446xx.cpp">
      <Filter>Thor\drivers\f4\gpio</Filter>
    </ClCompile>
    <ClInclude Include="..\..\..\Thor\drivers\f4\gpio\hw_gpio_driver.hpp">
      <Filter>Thor\drivers\f4\gpio</Filter>
    </ClInclude>
    <ClInclude Include="..\..\..\Thor\drivers\f4\gpio\hw_gpio_mapping.hpp">
      <Filter>Thor\drivers\f4\gpio</Filter>
    </ClInclude>
    <ClInclude Include="..\..\..\Thor\drivers\f4\gpio\hw_gpio_prj.hpp">
      <Filter>Thor\drivers\f4\gpio</Filter>
    </ClInclude>
    <ClInclude Include="..\..\..\Thor\drivers\f4\gpio\hw_gpio_register_stm32f446xx.hpp">
      <Filter>Thor\drivers\f4\gpio</Filter>
    </ClInclude>
    <ClInclude Include="..\..\..\Thor\drivers\f4\gpio\hw_gpio_types.hpp">
      <Filter>Thor\drivers\f4\gpio</Filter>
    </ClInclude>
    <ClInclude Include="..\..\..\Thor\drivers\f4\interrupt\hw_it_prj.hpp">
      <Filter>Thor\drivers\f4\interrupt</Filter>
    </ClInclude>
    <ClInclude Include="..\..\..\Thor\drivers\f4\interrupt\hw_it_register_stm32f446xx.hpp">
      <Filter>Thor\drivers\f4\interrupt</Filter>
    </ClInclude>
    <ClCompile Include="..\..\..\Thor\drivers\f4\iwdg\hw_iwdg_driver_stm32f4.cpp">
      <Filter>Thor\drivers\f4\iwdg</Filter>
    </ClCompile>
    <ClCompile Include="..\..\..\Thor\drivers\f4\iwdg\hw_iwdg_mapping.cpp">
      <Filter>Thor\drivers\f4\iwdg</Filter>
    </ClCompile>
    <ClCompile Include="..\..\..\Thor\drivers\f4\iwdg\hw_iwdg_register_stm32f446xx.cpp">
      <Filter>Thor\drivers\f4\iwdg</Filter>
    </ClCompile>
    <ClInclude Include="..\..\..\Thor\drivers\f4\iwdg\hw_iwdg_driver.hpp">
      <Filter>Thor\drivers\f4\iwdg</Filter>
    </ClInclude>
    <ClInclude Include="..\..\..\Thor\drivers\f4\iwdg\hw_iwdg_mapping.hpp">
      <Filter>Thor\drivers\f4\iwdg</Filter>
    </ClInclude>
    <ClInclude Include="..\..\..\Thor\drivers\f4\iwdg\hw_iwdg_prj.hpp">
      <Filter>Thor\drivers\f4\iwdg</Filter>
    </ClInclude>
    <ClInclude Include="..\..\..\Thor\drivers\f4\iwdg\hw_iwdg_register_stm32f446xx.hpp">
      <Filter>Thor\drivers\f4\iwdg</Filter>
    </ClInclude>
    <ClInclude Include="..\..\..\Thor\drivers\f4\iwdg\hw_iwdg_types.hpp">
      <Filter>Thor\drivers\f4\iwdg</Filter>
    </ClInclude>
    <ClCompile Include="..\..\..\Thor\drivers\f4\nvic\hw_nvic_driver_stm32f4.cpp">
      <Filter>Thor\drivers\f4\nvic</Filter>
    </ClCompile>
    <ClInclude Include="..\..\..\Thor\drivers\f4\nvic\hw_nvic_driver.hpp">
      <Filter>Thor\drivers\f4\nvic</Filter>
    </ClInclude>
    <ClInclude Include="..\..\..\Thor\drivers\f4\nvic\hw_nvic_prj.hpp">
      <Filter>Thor\drivers\f4\nvic</Filter>
    </ClInclude>
    <ClInclude Include="..\..\..\Thor\drivers\f4\nvic\hw_nvic_register_stm32f446xx.hpp">
      <Filter>Thor\drivers\f4\nvic</Filter>
    </ClInclude>
    <ClInclude Include="..\..\..\Thor\drivers\f4\nvic\hw_nvic_types.hpp">
      <Filter>Thor\drivers\f4\nvic</Filter>
    </ClInclude>
    <ClCompile Include="..\..\..\Thor\drivers\f4\power\hw_power_driver_stm32f4.cpp">
      <Filter>Thor\drivers\f4\power</Filter>
    </ClCompile>
    <ClCompile Include="..\..\..\Thor\drivers\f4\power\hw_power_mapping.cpp">
      <Filter>Thor\drivers\f4\power</Filter>
    </ClCompile>
    <ClInclude Include="..\..\..\Thor\drivers\f4\power\hw_power_driver.hpp">
      <Filter>Thor\drivers\f4\power</Filter>
    </ClInclude>
    <ClInclude Include="..\..\..\Thor\drivers\f4\power\hw_power_mapping.hpp">
      <Filter>Thor\drivers\f4\power</Filter>
    </ClInclude>
    <ClInclude Include="..\..\..\Thor\drivers\f4\power\hw_power_prj.hpp">
      <Filter>Thor\drivers\f4\power</Filter>
    </ClInclude>
    <ClInclude Include="..\..\..\Thor\drivers\f4\power\hw_power_register_stm32f446xx.hpp">
      <Filter>Thor\drivers\f4\power</Filter>
    </ClInclude>
    <ClInclude Include="..\..\..\Thor\drivers\f4\power\hw_power_types.hpp">
      <Filter>Thor\drivers\f4\power</Filter>
    </ClInclude>
    <ClCompile Include="..\..\..\Thor\drivers\f4\rcc\hw_rcc_config_stm32f446xx.cpp">
      <Filter>Thor\drivers\f4\rcc</Filter>
    </ClCompile>
    <ClCompile Include="..\..\..\Thor\drivers\f4\rcc\hw_rcc_driver_stm32f4.cpp">
      <Filter>Thor\drivers\f4\rcc</Filter>
    </ClCompile>
    <ClCompile Include="..\..\..\Thor\drivers\f4\rcc\hw_rcc_mapping.cpp">
      <Filter>Thor\drivers\f4\rcc</Filter>
    </ClCompile>
    <ClCompile Include="..\..\..\Thor\drivers\f4\rcc\hw_rcc_register_stm32f446xx.cpp">
      <Filter>Thor\drivers\f4\rcc</Filter>
    </ClCompile>
    <ClInclude Include="..\..\..\Thor\drivers\f4\rcc\hw_rcc_config_stm32f446xx.hpp">
      <Filter>Thor\drivers\f4\rcc</Filter>
    </ClInclude>
    <ClInclude Include="..\..\..\Thor\drivers\f4\rcc\hw_rcc_driver.hpp">
      <Filter>Thor\drivers\f4\rcc</Filter>
    </ClInclude>
    <ClInclude Include="..\..\..\Thor\drivers\f4\rcc\hw_rcc_driver_prv.hpp">
      <Filter>Thor\drivers\f4\rcc</Filter>
    </ClInclude>
    <ClInclude Include="..\..\..\Thor\drivers\f4\rcc\hw_rcc_mapping.hpp">
      <Filter>Thor\drivers\f4\rcc</Filter>
    </ClInclude>
    <ClInclude Include="..\..\..\Thor\drivers\f4\rcc\hw_rcc_prj.hpp">
      <Filter>Thor\drivers\f4\rcc</Filter>
    </ClInclude>
    <ClInclude Include="..\..\..\Thor\drivers\f4\rcc\hw_rcc_register_stm32f446xx.hpp">
      <Filter>Thor\drivers\f4\rcc</Filter>
    </ClInclude>
    <ClInclude Include="..\..\..\Thor\drivers\f4\rcc\hw_rcc_types.hpp">
      <Filter>Thor\drivers\f4\rcc</Filter>
    </ClInclude>
    <ClCompile Include="..\..\..\Thor\drivers\f4\spi\hw_spi_driver_stm32f4.cpp">
      <Filter>Thor\drivers\f4\spi</Filter>
    </ClCompile>
    <ClCompile Include="..\..\..\Thor\drivers\f4\spi\hw_spi_mapping.cpp">
      <Filter>Thor\drivers\f4\spi</Filter>
    </ClCompile>
    <ClCompile Include="..\..\..\Thor\drivers\f4\spi\hw_spi_register_stm32f446xx.cpp">
      <Filter>Thor\drivers\f4\spi</Filter>
    </ClCompile>
    <ClInclude Include="..\..\..\Thor\drivers\f4\spi\hw_spi_driver.hpp">
      <Filter>Thor\drivers\f4\spi</Filter>
    </ClInclude>
    <ClInclude Include="..\..\..\Thor\drivers\f4\spi\hw_spi_mapping.hpp">
      <Filter>Thor\drivers\f4\spi</Filter>
    </ClInclude>
    <ClInclude Include="..\..\..\Thor\drivers\f4\spi\hw_spi_prj.hpp">
      <Filter>Thor\drivers\f4\spi</Filter>
    </ClInclude>
    <ClInclude Include="..\..\..\Thor\drivers\f4\spi\hw_spi_register_stm32f446xx.hpp">
      <Filter>Thor\drivers\f4\spi</Filter>
    </ClInclude>
    <ClInclude Include="..\..\..\Thor\drivers\f4\spi\hw_spi_types.hpp">
      <Filter>Thor\drivers\f4\spi</Filter>
    </ClInclude>
    <ClCompile Include="..\..\..\Thor\drivers\f4\startup\startup_common_init.cpp">
      <Filter>Thor\drivers\f4\startup</Filter>
    </ClCompile>
    <ClCompile Include="..\..\..\Thor\drivers\f4\startup\startup_stm32f446xx.c">
      <Filter>Thor\drivers\f4\startup</Filter>
    </ClCompile>
    <ClCompile Include="..\..\..\Thor\drivers\f4\system\sys_common_exit.cpp">
      <Filter>Thor\drivers\f4\system</Filter>
    </ClCompile>
    <ClCompile Include="..\..\..\Thor\drivers\f4\system\sys_common_init.cpp">
      <Filter>Thor\drivers\f4\system</Filter>
    </ClCompile>
    <ClInclude Include="..\..\..\Thor\drivers\f4\system\sys_memory_map_prj.hpp">
      <Filter>Thor\drivers\f4\system</Filter>
    </ClInclude>
    <ClInclude Include="..\..\..\Thor\drivers\f4\system\sys_memory_map_stm32f446xx.hpp">
      <Filter>Thor\drivers\f4\system</Filter>
    </ClInclude>
    <ClCompile Include="..\..\..\Thor\drivers\f4\uart\hw_uart_driver.cpp">
      <Filter>Thor\drivers\f4\uart</Filter>
    </ClCompile>
    <ClCompile Include="..\..\..\Thor\drivers\f4\uart\hw_uart_mapping.cpp">
      <Filter>Thor\drivers\f4\uart</Filter>
    </ClCompile>
    <ClCompile Include="..\..\..\Thor\drivers\f4\uart\hw_uart_register_stm32f446xx.cpp">
      <Filter>Thor\drivers\f4\uart</Filter>
    </ClCompile>
    <ClInclude Include="..\..\..\Thor\drivers\f4\uart\hw_uart_driver.hpp">
      <Filter>Thor\drivers\f4\uart</Filter>
    </ClInclude>
    <ClInclude Include="..\..\..\Thor\drivers\f4\uart\hw_uart_mapping.hpp">
      <Filter>Thor\drivers\f4\uart</Filter>
    </ClInclude>
    <ClInclude Include="..\..\..\Thor\drivers\f4\uart\hw_uart_prj.hpp">
      <Filter>Thor\drivers\f4\uart</Filter>
    </ClInclude>
    <ClInclude Include="..\..\..\Thor\drivers\f4\uart\hw_uart_register_stm32f446xx.hpp">
      <Filter>Thor\drivers\f4\uart</Filter>
    </ClInclude>
    <ClInclude Include="..\..\..\Thor\drivers\f4\uart\hw_uart_stubs.hpp">
      <Filter>Thor\drivers\f4\uart</Filter>
    </ClInclude>
    <ClInclude Include="..\..\..\Thor\drivers\f4\uart\hw_uart_types.hpp">
      <Filter>Thor\drivers\f4\uart</Filter>
    </ClInclude>
    <ClCompile Include="..\..\..\Thor\drivers\f4\usart\hw_usart_driver_stm32f4.cpp">
      <Filter>Thor\drivers\f4\usart</Filter>
    </ClCompile>
    <ClCompile Include="..\..\..\Thor\drivers\f4\usart\hw_usart_mapping.cpp">
      <Filter>Thor\drivers\f4\usart</Filter>
    </ClCompile>
    <ClCompile Include="..\..\..\Thor\drivers\f4\usart\hw_usart_register_stm32f446xx.cpp">
      <Filter>Thor\drivers\f4\usart</Filter>
    </ClCompile>
    <ClInclude Include="..\..\..\Thor\drivers\f4\usart\hw_usart_driver.hpp">
      <Filter>Thor\drivers\f4\usart</Filter>
    </ClInclude>
    <ClInclude Include="..\..\..\Thor\drivers\f4\usart\hw_usart_mapping.hpp">
      <Filter>Thor\drivers\f4\usart</Filter>
    </ClInclude>
    <ClInclude Include="..\..\..\Thor\drivers\f4\usart\hw_usart_prj.hpp">
      <Filter>Thor\drivers\f4\usart</Filter>
    </ClInclude>
    <ClInclude Include="..\..\..\Thor\drivers\f4\usart\hw_usart_register_stm32f446xx.hpp">
      <Filter>Thor\drivers\f4\usart</Filter>
    </ClInclude>
    <ClInclude Include="..\..\..\Thor\drivers\f4\usart\hw_usart_types.hpp">
      <Filter>Thor\drivers\f4\usart</Filter>
    </ClInclude>
    <ClCompile Include="..\..\..\Thor\drivers\f4\wwdg\hw_wwdg_driver_stm32f4.cpp">
      <Filter>Thor\drivers\f4\wwdg</Filter>
    </ClCompile>
    <ClCompile Include="..\..\..\Thor\drivers\f4\wwdg\hw_wwdg_mapping.cpp">
      <Filter>Thor\drivers\f4\wwdg</Filter>
    </ClCompile>
    <ClCompile Include="..\..\..\Thor\drivers\f4\wwdg\hw_wwdg_register_stm32f446xx.cpp">
      <Filter>Thor\drivers\f4\wwdg</Filter>
    </ClCompile>
    <ClInclude Include="..\..\..\Thor\drivers\f4\wwdg\hw_wwdg_driver.hpp">
      <Filter>Thor\drivers\f4\wwdg</Filter>
    </ClInclude>
    <ClInclude Include="..\..\..\Thor\drivers\f4\wwdg\hw_wwdg_mapping.hpp">
      <Filter>Thor\drivers\f4\wwdg</Filter>
    </ClInclude>
    <ClInclude Include="..\..\..\Thor\drivers\f4\wwdg\hw_wwdg_prj.hpp">
      <Filter>Thor\drivers\f4\wwdg</Filter>
    </ClInclude>
    <ClInclude Include="..\..\..\Thor\drivers\f4\wwdg\hw_wwdg_register_stm32f446xx.hpp">
      <Filter>Thor\drivers\f4\wwdg</Filter>
    </ClInclude>
    <ClInclude Include="..\..\..\Thor\drivers\f4\wwdg\hw_wwdg_types.hpp">
      <Filter>Thor\drivers\f4\wwdg</Filter>
    </ClInclude>
    <ClInclude Include="..\..\..\Thor\drivers\model\callback_model.hpp">
      <Filter>Thor\drivers\model</Filter>
    </ClInclude>
    <ClInclude Include="..\..\..\Thor\drivers\model\dma_model.hpp">
      <Filter>Thor\drivers\model</Filter>
    </ClInclude>
    <ClInclude Include="..\..\..\Thor\drivers\model\gpio_model.hpp">
      <Filter>Thor\drivers\model</Filter>
    </ClInclude>
    <ClInclude Include="..\..\..\Thor\drivers\model\interrupt_model.hpp">
      <Filter>Thor\drivers\model</Filter>
    </ClInclude>
    <ClInclude Include="..\..\..\Thor\drivers\model\rcc_model.hpp">
      <Filter>Thor\drivers\model</Filter>
    </ClInclude>
    <ClInclude Include="..\..\..\Thor\drivers\model\serial_model.hpp">
      <Filter>Thor\drivers\model</Filter>
    </ClInclude>
    <ClInclude Include="..\..\..\Thor\drivers\model\spi_model.hpp">
      <Filter>Thor\drivers\model</Filter>
    </ClInclude>
    <ClInclude Include="..\..\..\Thor\drivers\model\watchdog_model.hpp">
      <Filter>Thor\drivers\model</Filter>
    </ClInclude>
    <ClCompile Include="..\..\..\Thor\resources\thor_dma_resources.cpp">
      <Filter>Thor\resources</Filter>
    </ClCompile>
    <ClInclude Include="..\..\..\Thor\resources\dma_resources.hpp">
      <Filter>Thor\resources</Filter>
    </ClInclude>
    <ClInclude Include="..\..\..\Thor\types\clock_types.hpp">
      <Filter>Thor\types</Filter>
    </ClInclude>
    <ClInclude Include="..\..\..\Thor\types\dma_types.hpp">
      <Filter>Thor\types</Filter>
    </ClInclude>
    <ClInclude Include="..\..\..\Thor\types\gpio_types.hpp">
      <Filter>Thor\types</Filter>
    </ClInclude>
    <ClInclude Include="..\..\..\Thor\types\interrupt_types.hpp">
      <Filter>Thor\types</Filter>
    </ClInclude>
    <ClInclude Include="..\..\..\Thor\types\serial_types.hpp">
      <Filter>Thor\types</Filter>
    </ClInclude>
    <ClInclude Include="..\..\..\Thor\types\spi_types.hpp">
      <Filter>Thor\types</Filter>
    </ClInclude>
    <ClInclude Include="..\..\..\Thor\types\uart_types.hpp">
      <Filter>Thor\types</Filter>
    </ClInclude>
    <ClInclude Include="..\..\..\Thor\types\usart_types.hpp">
      <Filter>Thor\types</Filter>
    </ClInclude>
  </ItemGroup>
</Project>