<?xml version="1.0" encoding="utf-8"?>
<Project ToolsVersion="4.0" xmlns="http://schemas.microsoft.com/developer/msbuild/2003">
  <ItemGroup>
    <Filter Include="Source files">
      <UniqueIdentifier>{3b0084fe-9b48-4b3e-83bc-36d2af9b1542}</UniqueIdentifier>
      <Extensions>cpp;c;cc;cxx;def;odl;idl;hpj;bat;asm;asmx</Extensions>
    </Filter>
    <Filter Include="Header files">
      <UniqueIdentifier>{a5241375-c6d9-4542-958b-a49d065b9587}</UniqueIdentifier>
      <Extensions>h;hpp;hxx;hm;inl;inc;xsd</Extensions>
    </Filter>
    <Filter Include="Resource files">
      <UniqueIdentifier>{a395f836-4ae8-4065-9e16-25278d5811be}</UniqueIdentifier>
      <Extensions>rc;ico;cur;bmp;dlg;rc2;rct;bin;rgs;gif;jpg;jpeg;jpe;resx;tiff;tif;png;wav</Extensions>
    </Filter>
    <Filter Include="Source files\Device-specific files">
      <UniqueIdentifier>{75443012-23ec-4d52-812a-c014d2a20714}</UniqueIdentifier>
    </Filter>
    <Filter Include="Source files\Device-specific files\HAL">
      <UniqueIdentifier>{0981017a-f75e-4176-9cc1-e7523809574f}</UniqueIdentifier>
    </Filter>
    <Filter Include="Source files\Device-specific files\Semihosting/Profiler">
      <UniqueIdentifier>{bee18dd2-6de6-4f17-a693-a3d734756931}</UniqueIdentifier>
    </Filter>
    <Filter Include="Source files\Device-specific files\Test Framework">
      <UniqueIdentifier>{6aeec27a-6950-454d-a038-fe9415c69cfa}</UniqueIdentifier>
    </Filter>
    <Filter Include="Header files\Device-specific files">
      <UniqueIdentifier>{049b2e60-b70b-443a-bdc6-90d164b7a370}</UniqueIdentifier>
    </Filter>
    <Filter Include="Header files\Device-specific files\HAL">
      <UniqueIdentifier>{a12a8ec4-f8f8-47c6-beb6-db56574bd04a}</UniqueIdentifier>
    </Filter>
    <Filter Include="Header files\Device-specific files\Semihosting/Profiler">
      <UniqueIdentifier>{9c06577a-d137-4b48-91b2-d49788943a79}</UniqueIdentifier>
    </Filter>
    <Filter Include="Header files\Device-specific files\Test Framework">
      <UniqueIdentifier>{6886073f-d4cb-4cd9-a35c-37a7b27f8520}</UniqueIdentifier>
    </Filter>
    <Filter Include="VisualGDB settings">
      <UniqueIdentifier>{a55da48f-699f-4f87-9dd3-ab8e2be98b8e}</UniqueIdentifier>
    </Filter>
    <Filter Include="Thor">
      <UniqueIdentifier>{6011a57b-5cce-41a5-9d3a-cbcf6df1a66e}</UniqueIdentifier>
    </Filter>
    <Filter Include="Thor\include">
      <UniqueIdentifier>{872499e2-043e-4ee7-ac11-eaed5b40f1cd}</UniqueIdentifier>
    </Filter>
    <Filter Include="Thor\source">
      <UniqueIdentifier>{9dbcac5c-2371-48b6-b61b-1c7ef2344ad6}</UniqueIdentifier>
    </Filter>
    <Filter Include="FreeRTOS">
      <UniqueIdentifier>{f1b967cf-27a8-4cb2-8abf-c906f2111c62}</UniqueIdentifier>
    </Filter>
    <Filter Include="FreeRTOS\config">
      <UniqueIdentifier>{43f04dbd-f4db-411d-810f-0ecaf82248a7}</UniqueIdentifier>
    </Filter>
    <Filter Include="FreeRTOS\config\stm32">
      <UniqueIdentifier>{66bef5b1-4510-41b8-a8a0-783c788acce4}</UniqueIdentifier>
    </Filter>
    <Filter Include="FreeRTOS\include">
      <UniqueIdentifier>{e36483ff-3a5b-4985-89c2-8583d7c76923}</UniqueIdentifier>
    </Filter>
    <Filter Include="FreeRTOS\portable">
      <UniqueIdentifier>{317d1bff-245c-4716-92d4-56e19c439ca1}</UniqueIdentifier>
    </Filter>
    <Filter Include="FreeRTOS\portable\Common">
      <UniqueIdentifier>{d87d53df-c5fa-4aa5-9d0c-c103b5484788}</UniqueIdentifier>
    </Filter>
    <Filter Include="FreeRTOS\portable\GCC">
      <UniqueIdentifier>{bfbea4f2-c12d-4773-a994-05753210e45c}</UniqueIdentifier>
    </Filter>
    <Filter Include="FreeRTOS\portable\GCC\ARM_CM7">
      <UniqueIdentifier>{55f50114-ba30-44c5-a8b6-2ed8117cf52f}</UniqueIdentifier>
    </Filter>
    <Filter Include="FreeRTOS\portable\GCC\ARM_CM7\r0p1">
      <UniqueIdentifier>{5f96f914-8afe-4376-a509-45b6c7ad51df}</UniqueIdentifier>
    </Filter>
    <Filter Include="FreeRTOS\portable\MemMang">
      <UniqueIdentifier>{df995960-3e73-4c4d-83c9-a2d391a90c8c}</UniqueIdentifier>
    </Filter>
  </ItemGroup>
  <ItemGroup>
    <ClCompile Include="system_stm32f7xx.c">
      <Filter>Source files</Filter>
    </ClCompile>
    <None Include="stm32.props">
      <Filter>Source files\Device-specific files</Filter>
    </None>
    <ClCompile Include="$(BSP_ROOT)\STM32F7xxxx\STM32F7xx_HAL_Driver\Src\stm32f7xx_hal.c">
      <Filter>Source files\Device-specific files\HAL</Filter>
    </ClCompile>
    <ClCompile Include="$(BSP_ROOT)\STM32F7xxxx\STM32F7xx_HAL_Driver\Src\stm32f7xx_hal_adc.c">
      <Filter>Source files\Device-specific files\HAL</Filter>
    </ClCompile>
    <ClCompile Include="$(BSP_ROOT)\STM32F7xxxx\STM32F7xx_HAL_Driver\Src\stm32f7xx_hal_adc_ex.c">
      <Filter>Source files\Device-specific files\HAL</Filter>
    </ClCompile>
    <ClCompile Include="$(BSP_ROOT)\STM32F7xxxx\STM32F7xx_HAL_Driver\Src\Legacy\stm32f7xx_hal_can.c">
      <Filter>Source files\Device-specific files\HAL</Filter>
    </ClCompile>
    <ClCompile Include="$(BSP_ROOT)\STM32F7xxxx\STM32F7xx_HAL_Driver\Src\stm32f7xx_hal_cec.c">
      <Filter>Source files\Device-specific files\HAL</Filter>
    </ClCompile>
    <ClCompile Include="$(BSP_ROOT)\STM32F7xxxx\STM32F7xx_HAL_Driver\Src\stm32f7xx_hal_cortex.c">
      <Filter>Source files\Device-specific files\HAL</Filter>
    </ClCompile>
    <ClCompile Include="$(BSP_ROOT)\STM32F7xxxx\STM32F7xx_HAL_Driver\Src\stm32f7xx_hal_crc.c">
      <Filter>Source files\Device-specific files\HAL</Filter>
    </ClCompile>
    <ClCompile Include="$(BSP_ROOT)\STM32F7xxxx\STM32F7xx_HAL_Driver\Src\stm32f7xx_hal_crc_ex.c">
      <Filter>Source files\Device-specific files\HAL</Filter>
    </ClCompile>
    <ClCompile Include="$(BSP_ROOT)\STM32F7xxxx\STM32F7xx_HAL_Driver\Src\stm32f7xx_hal_cryp.c">
      <Filter>Source files\Device-specific files\HAL</Filter>
    </ClCompile>
    <ClCompile Include="$(BSP_ROOT)\STM32F7xxxx\STM32F7xx_HAL_Driver\Src\stm32f7xx_hal_cryp_ex.c">
      <Filter>Source files\Device-specific files\HAL</Filter>
    </ClCompile>
    <ClCompile Include="$(BSP_ROOT)\STM32F7xxxx\STM32F7xx_HAL_Driver\Src\stm32f7xx_hal_dac.c">
      <Filter>Source files\Device-specific files\HAL</Filter>
    </ClCompile>
    <ClCompile Include="$(BSP_ROOT)\STM32F7xxxx\STM32F7xx_HAL_Driver\Src\stm32f7xx_hal_dac_ex.c">
      <Filter>Source files\Device-specific files\HAL</Filter>
    </ClCompile>
    <ClCompile Include="$(BSP_ROOT)\STM32F7xxxx\STM32F7xx_HAL_Driver\Src\stm32f7xx_hal_dcmi.c">
      <Filter>Source files\Device-specific files\HAL</Filter>
    </ClCompile>
    <ClCompile Include="$(BSP_ROOT)\STM32F7xxxx\STM32F7xx_HAL_Driver\Src\stm32f7xx_hal_dcmi_ex.c">
      <Filter>Source files\Device-specific files\HAL</Filter>
    </ClCompile>
    <ClCompile Include="$(BSP_ROOT)\STM32F7xxxx\STM32F7xx_HAL_Driver\Src\stm32f7xx_hal_dfsdm.c">
      <Filter>Source files\Device-specific files\HAL</Filter>
    </ClCompile>
    <ClCompile Include="$(BSP_ROOT)\STM32F7xxxx\STM32F7xx_HAL_Driver\Src\stm32f7xx_hal_dma.c">
      <Filter>Source files\Device-specific files\HAL</Filter>
    </ClCompile>
    <ClCompile Include="$(BSP_ROOT)\STM32F7xxxx\STM32F7xx_HAL_Driver\Src\stm32f7xx_hal_dma2d.c">
      <Filter>Source files\Device-specific files\HAL</Filter>
    </ClCompile>
    <ClCompile Include="$(BSP_ROOT)\STM32F7xxxx\STM32F7xx_HAL_Driver\Src\stm32f7xx_hal_dma_ex.c">
      <Filter>Source files\Device-specific files\HAL</Filter>
    </ClCompile>
    <ClCompile Include="$(BSP_ROOT)\STM32F7xxxx\STM32F7xx_HAL_Driver\Src\stm32f7xx_hal_dsi.c">
      <Filter>Source files\Device-specific files\HAL</Filter>
    </ClCompile>
    <ClCompile Include="$(BSP_ROOT)\STM32F7xxxx\STM32F7xx_HAL_Driver\Src\stm32f7xx_hal_eth.c">
      <Filter>Source files\Device-specific files\HAL</Filter>
    </ClCompile>
    <ClCompile Include="$(BSP_ROOT)\STM32F7xxxx\STM32F7xx_HAL_Driver\Src\stm32f7xx_hal_flash.c">
      <Filter>Source files\Device-specific files\HAL</Filter>
    </ClCompile>
    <ClCompile Include="$(BSP_ROOT)\STM32F7xxxx\STM32F7xx_HAL_Driver\Src\stm32f7xx_hal_flash_ex.c">
      <Filter>Source files\Device-specific files\HAL</Filter>
    </ClCompile>
    <ClCompile Include="$(BSP_ROOT)\STM32F7xxxx\STM32F7xx_HAL_Driver\Src\stm32f7xx_hal_gpio.c">
      <Filter>Source files\Device-specific files\HAL</Filter>
    </ClCompile>
    <ClCompile Include="$(BSP_ROOT)\STM32F7xxxx\STM32F7xx_HAL_Driver\Src\stm32f7xx_hal_hash.c">
      <Filter>Source files\Device-specific files\HAL</Filter>
    </ClCompile>
    <ClCompile Include="$(BSP_ROOT)\STM32F7xxxx\STM32F7xx_HAL_Driver\Src\stm32f7xx_hal_hash_ex.c">
      <Filter>Source files\Device-specific files\HAL</Filter>
    </ClCompile>
    <ClCompile Include="$(BSP_ROOT)\STM32F7xxxx\STM32F7xx_HAL_Driver\Src\stm32f7xx_hal_hcd.c">
      <Filter>Source files\Device-specific files\HAL</Filter>
    </ClCompile>
    <ClCompile Include="$(BSP_ROOT)\STM32F7xxxx\STM32F7xx_HAL_Driver\Src\stm32f7xx_hal_i2c.c">
      <Filter>Source files\Device-specific files\HAL</Filter>
    </ClCompile>
    <ClCompile Include="$(BSP_ROOT)\STM32F7xxxx\STM32F7xx_HAL_Driver\Src\stm32f7xx_hal_i2c_ex.c">
      <Filter>Source files\Device-specific files\HAL</Filter>
    </ClCompile>
    <ClCompile Include="$(BSP_ROOT)\STM32F7xxxx\STM32F7xx_HAL_Driver\Src\stm32f7xx_hal_i2s.c">
      <Filter>Source files\Device-specific files\HAL</Filter>
    </ClCompile>
    <ClCompile Include="$(BSP_ROOT)\STM32F7xxxx\STM32F7xx_HAL_Driver\Src\stm32f7xx_hal_irda.c">
      <Filter>Source files\Device-specific files\HAL</Filter>
    </ClCompile>
    <ClCompile Include="$(BSP_ROOT)\STM32F7xxxx\STM32F7xx_HAL_Driver\Src\stm32f7xx_hal_iwdg.c">
      <Filter>Source files\Device-specific files\HAL</Filter>
    </ClCompile>
    <ClCompile Include="$(BSP_ROOT)\STM32F7xxxx\STM32F7xx_HAL_Driver\Src\stm32f7xx_hal_jpeg.c">
      <Filter>Source files\Device-specific files\HAL</Filter>
    </ClCompile>
    <ClCompile Include="$(BSP_ROOT)\STM32F7xxxx\STM32F7xx_HAL_Driver\Src\stm32f7xx_hal_lptim.c">
      <Filter>Source files\Device-specific files\HAL</Filter>
    </ClCompile>
    <ClCompile Include="$(BSP_ROOT)\STM32F7xxxx\STM32F7xx_HAL_Driver\Src\stm32f7xx_hal_ltdc.c">
      <Filter>Source files\Device-specific files\HAL</Filter>
    </ClCompile>
    <ClCompile Include="$(BSP_ROOT)\STM32F7xxxx\STM32F7xx_HAL_Driver\Src\stm32f7xx_hal_ltdc_ex.c">
      <Filter>Source files\Device-specific files\HAL</Filter>
    </ClCompile>
    <ClCompile Include="$(BSP_ROOT)\STM32F7xxxx\STM32F7xx_HAL_Driver\Src\stm32f7xx_hal_mdios.c">
      <Filter>Source files\Device-specific files\HAL</Filter>
    </ClCompile>
    <ClCompile Include="$(BSP_ROOT)\STM32F7xxxx\STM32F7xx_HAL_Driver\Src\stm32f7xx_hal_mmc.c">
      <Filter>Source files\Device-specific files\HAL</Filter>
    </ClCompile>
    <ClCompile Include="$(BSP_ROOT)\STM32F7xxxx\STM32F7xx_HAL_Driver\Src\stm32f7xx_hal_nand.c">
      <Filter>Source files\Device-specific files\HAL</Filter>
    </ClCompile>
    <ClCompile Include="$(BSP_ROOT)\STM32F7xxxx\STM32F7xx_HAL_Driver\Src\stm32f7xx_hal_nor.c">
      <Filter>Source files\Device-specific files\HAL</Filter>
    </ClCompile>
    <ClCompile Include="$(BSP_ROOT)\STM32F7xxxx\STM32F7xx_HAL_Driver\Src\stm32f7xx_hal_pcd.c">
      <Filter>Source files\Device-specific files\HAL</Filter>
    </ClCompile>
    <ClCompile Include="$(BSP_ROOT)\STM32F7xxxx\STM32F7xx_HAL_Driver\Src\stm32f7xx_hal_pcd_ex.c">
      <Filter>Source files\Device-specific files\HAL</Filter>
    </ClCompile>
    <ClCompile Include="$(BSP_ROOT)\STM32F7xxxx\STM32F7xx_HAL_Driver\Src\stm32f7xx_hal_pwr.c">
      <Filter>Source files\Device-specific files\HAL</Filter>
    </ClCompile>
    <ClCompile Include="$(BSP_ROOT)\STM32F7xxxx\STM32F7xx_HAL_Driver\Src\stm32f7xx_hal_pwr_ex.c">
      <Filter>Source files\Device-specific files\HAL</Filter>
    </ClCompile>
    <ClCompile Include="$(BSP_ROOT)\STM32F7xxxx\STM32F7xx_HAL_Driver\Src\stm32f7xx_hal_qspi.c">
      <Filter>Source files\Device-specific files\HAL</Filter>
    </ClCompile>
    <ClCompile Include="$(BSP_ROOT)\STM32F7xxxx\STM32F7xx_HAL_Driver\Src\stm32f7xx_hal_rcc.c">
      <Filter>Source files\Device-specific files\HAL</Filter>
    </ClCompile>
    <ClCompile Include="$(BSP_ROOT)\STM32F7xxxx\STM32F7xx_HAL_Driver\Src\stm32f7xx_hal_rcc_ex.c">
      <Filter>Source files\Device-specific files\HAL</Filter>
    </ClCompile>
    <ClCompile Include="$(BSP_ROOT)\STM32F7xxxx\STM32F7xx_HAL_Driver\Src\stm32f7xx_hal_rng.c">
      <Filter>Source files\Device-specific files\HAL</Filter>
    </ClCompile>
    <ClCompile Include="$(BSP_ROOT)\STM32F7xxxx\STM32F7xx_HAL_Driver\Src\stm32f7xx_hal_rtc.c">
      <Filter>Source files\Device-specific files\HAL</Filter>
    </ClCompile>
    <ClCompile Include="$(BSP_ROOT)\STM32F7xxxx\STM32F7xx_HAL_Driver\Src\stm32f7xx_hal_rtc_ex.c">
      <Filter>Source files\Device-specific files\HAL</Filter>
    </ClCompile>
    <ClCompile Include="$(BSP_ROOT)\STM32F7xxxx\STM32F7xx_HAL_Driver\Src\stm32f7xx_hal_sai.c">
      <Filter>Source files\Device-specific files\HAL</Filter>
    </ClCompile>
    <ClCompile Include="$(BSP_ROOT)\STM32F7xxxx\STM32F7xx_HAL_Driver\Src\stm32f7xx_hal_sai_ex.c">
      <Filter>Source files\Device-specific files\HAL</Filter>
    </ClCompile>
    <ClCompile Include="$(BSP_ROOT)\STM32F7xxxx\STM32F7xx_HAL_Driver\Src\stm32f7xx_hal_sd.c">
      <Filter>Source files\Device-specific files\HAL</Filter>
    </ClCompile>
    <ClCompile Include="$(BSP_ROOT)\STM32F7xxxx\STM32F7xx_HAL_Driver\Src\stm32f7xx_hal_sdram.c">
      <Filter>Source files\Device-specific files\HAL</Filter>
    </ClCompile>
    <ClCompile Include="$(BSP_ROOT)\STM32F7xxxx\STM32F7xx_HAL_Driver\Src\stm32f7xx_hal_smartcard.c">
      <Filter>Source files\Device-specific files\HAL</Filter>
    </ClCompile>
    <ClCompile Include="$(BSP_ROOT)\STM32F7xxxx\STM32F7xx_HAL_Driver\Src\stm32f7xx_hal_smartcard_ex.c">
      <Filter>Source files\Device-specific files\HAL</Filter>
    </ClCompile>
    <ClCompile Include="$(BSP_ROOT)\STM32F7xxxx\STM32F7xx_HAL_Driver\Src\stm32f7xx_hal_smbus.c">
      <Filter>Source files\Device-specific files\HAL</Filter>
    </ClCompile>
    <ClCompile Include="$(BSP_ROOT)\STM32F7xxxx\STM32F7xx_HAL_Driver\Src\stm32f7xx_hal_spdifrx.c">
      <Filter>Source files\Device-specific files\HAL</Filter>
    </ClCompile>
    <ClCompile Include="$(BSP_ROOT)\STM32F7xxxx\STM32F7xx_HAL_Driver\Src\stm32f7xx_hal_spi.c">
      <Filter>Source files\Device-specific files\HAL</Filter>
    </ClCompile>
    <ClCompile Include="$(BSP_ROOT)\STM32F7xxxx\STM32F7xx_HAL_Driver\Src\stm32f7xx_hal_sram.c">
      <Filter>Source files\Device-specific files\HAL</Filter>
    </ClCompile>
    <ClCompile Include="$(BSP_ROOT)\STM32F7xxxx\STM32F7xx_HAL_Driver\Src\stm32f7xx_hal_tim.c">
      <Filter>Source files\Device-specific files\HAL</Filter>
    </ClCompile>
    <ClCompile Include="$(BSP_ROOT)\STM32F7xxxx\STM32F7xx_HAL_Driver\Src\stm32f7xx_hal_tim_ex.c">
      <Filter>Source files\Device-specific files\HAL</Filter>
    </ClCompile>
    <ClCompile Include="$(BSP_ROOT)\STM32F7xxxx\STM32F7xx_HAL_Driver\Src\stm32f7xx_hal_uart.c">
      <Filter>Source files\Device-specific files\HAL</Filter>
    </ClCompile>
    <ClCompile Include="$(BSP_ROOT)\STM32F7xxxx\STM32F7xx_HAL_Driver\Src\stm32f7xx_hal_usart.c">
      <Filter>Source files\Device-specific files\HAL</Filter>
    </ClCompile>
    <ClCompile Include="$(BSP_ROOT)\STM32F7xxxx\STM32F7xx_HAL_Driver\Src\stm32f7xx_hal_wwdg.c">
      <Filter>Source files\Device-specific files\HAL</Filter>
    </ClCompile>
    <ClCompile Include="$(BSP_ROOT)\STM32F7xxxx\STM32F7xx_HAL_Driver\Src\stm32f7xx_ll_adc.c">
      <Filter>Source files\Device-specific files\HAL</Filter>
    </ClCompile>
    <ClCompile Include="$(BSP_ROOT)\STM32F7xxxx\STM32F7xx_HAL_Driver\Src\stm32f7xx_ll_crc.c">
      <Filter>Source files\Device-specific files\HAL</Filter>
    </ClCompile>
    <ClCompile Include="$(BSP_ROOT)\STM32F7xxxx\STM32F7xx_HAL_Driver\Src\stm32f7xx_ll_dac.c">
      <Filter>Source files\Device-specific files\HAL</Filter>
    </ClCompile>
    <ClCompile Include="$(BSP_ROOT)\STM32F7xxxx\STM32F7xx_HAL_Driver\Src\stm32f7xx_ll_dma.c">
      <Filter>Source files\Device-specific files\HAL</Filter>
    </ClCompile>
    <ClCompile Include="$(BSP_ROOT)\STM32F7xxxx\STM32F7xx_HAL_Driver\Src\stm32f7xx_ll_dma2d.c">
      <Filter>Source files\Device-specific files\HAL</Filter>
    </ClCompile>
    <ClCompile Include="$(BSP_ROOT)\STM32F7xxxx\STM32F7xx_HAL_Driver\Src\stm32f7xx_ll_exti.c">
      <Filter>Source files\Device-specific files\HAL</Filter>
    </ClCompile>
    <ClCompile Include="$(BSP_ROOT)\STM32F7xxxx\STM32F7xx_HAL_Driver\Src\stm32f7xx_ll_fmc.c">
      <Filter>Source files\Device-specific files\HAL</Filter>
    </ClCompile>
    <ClCompile Include="$(BSP_ROOT)\STM32F7xxxx\STM32F7xx_HAL_Driver\Src\stm32f7xx_ll_gpio.c">
      <Filter>Source files\Device-specific files\HAL</Filter>
    </ClCompile>
    <ClCompile Include="$(BSP_ROOT)\STM32F7xxxx\STM32F7xx_HAL_Driver\Src\stm32f7xx_ll_i2c.c">
      <Filter>Source files\Device-specific files\HAL</Filter>
    </ClCompile>
    <ClCompile Include="$(BSP_ROOT)\STM32F7xxxx\STM32F7xx_HAL_Driver\Src\stm32f7xx_ll_lptim.c">
      <Filter>Source files\Device-specific files\HAL</Filter>
    </ClCompile>
    <ClCompile Include="$(BSP_ROOT)\STM32F7xxxx\STM32F7xx_HAL_Driver\Src\stm32f7xx_ll_pwr.c">
      <Filter>Source files\Device-specific files\HAL</Filter>
    </ClCompile>
    <ClCompile Include="$(BSP_ROOT)\STM32F7xxxx\STM32F7xx_HAL_Driver\Src\stm32f7xx_ll_rcc.c">
      <Filter>Source files\Device-specific files\HAL</Filter>
    </ClCompile>
    <ClCompile Include="$(BSP_ROOT)\STM32F7xxxx\STM32F7xx_HAL_Driver\Src\stm32f7xx_ll_rng.c">
      <Filter>Source files\Device-specific files\HAL</Filter>
    </ClCompile>
    <ClCompile Include="$(BSP_ROOT)\STM32F7xxxx\STM32F7xx_HAL_Driver\Src\stm32f7xx_ll_rtc.c">
      <Filter>Source files\Device-specific files\HAL</Filter>
    </ClCompile>
    <ClCompile Include="$(BSP_ROOT)\STM32F7xxxx\STM32F7xx_HAL_Driver\Src\stm32f7xx_ll_sdmmc.c">
      <Filter>Source files\Device-specific files\HAL</Filter>
    </ClCompile>
    <ClCompile Include="$(BSP_ROOT)\STM32F7xxxx\STM32F7xx_HAL_Driver\Src\stm32f7xx_ll_spi.c">
      <Filter>Source files\Device-specific files\HAL</Filter>
    </ClCompile>
    <ClCompile Include="$(BSP_ROOT)\STM32F7xxxx\STM32F7xx_HAL_Driver\Src\stm32f7xx_ll_tim.c">
      <Filter>Source files\Device-specific files\HAL</Filter>
    </ClCompile>
    <ClCompile Include="$(BSP_ROOT)\STM32F7xxxx\STM32F7xx_HAL_Driver\Src\stm32f7xx_ll_usart.c">
      <Filter>Source files\Device-specific files\HAL</Filter>
    </ClCompile>
    <ClCompile Include="$(BSP_ROOT)\STM32F7xxxx\STM32F7xx_HAL_Driver\Src\stm32f7xx_ll_usb.c">
      <Filter>Source files\Device-specific files\HAL</Filter>
    </ClCompile>
    <ClCompile Include="$(BSP_ROOT)\STM32F7xxxx\STM32F7xx_HAL_Driver\Src\stm32f7xx_ll_utils.c">
      <Filter>Source files\Device-specific files\HAL</Filter>
    </ClCompile>
    <ClCompile Include="$(EFP_BASE)\Profiler\FastSemihosting.cpp">
      <Filter>Source files\Device-specific files\Semihosting/Profiler</Filter>
    </ClCompile>
    <ClCompile Include="$(EFP_BASE)\Profiler\SamplingProfiler.cpp">
      <Filter>Source files\Device-specific files\Semihosting/Profiler</Filter>
    </ClCompile>
    <ClCompile Include="$(EFP_BASE)\Profiler\InstrumentingProfiler.cpp">
      <Filter>Source files\Device-specific files\Semihosting/Profiler</Filter>
    </ClCompile>
    <ClCompile Include="$(EFP_BASE)\Profiler\ProfilerDriver_STM32_HAL.cpp">
      <Filter>Source files\Device-specific files\Semihosting/Profiler</Filter>
    </ClCompile>
    <ClCompile Include="$(EFP_BASE)\Profiler\ProfilerRTOS_FreeRTOS.c">
      <Filter>Source files\Device-specific files\Semihosting/Profiler</Filter>
    </ClCompile>
    <ClCompile Include="$(TESTFW_BASE)\com.sysprogs.unittest.CppUTest\src\CppUTest\CommandLineArguments.cpp">
      <Filter>Source files\Device-specific files\Test Framework</Filter>
    </ClCompile>
    <ClCompile Include="$(TESTFW_BASE)\com.sysprogs.unittest.CppUTest\src\CppUTest\CommandLineTestRunner.cpp">
      <Filter>Source files\Device-specific files\Test Framework</Filter>
    </ClCompile>
    <ClCompile Include="$(TESTFW_BASE)\com.sysprogs.unittest.CppUTest\src\CppUTest\JUnitTestOutput.cpp">
      <Filter>Source files\Device-specific files\Test Framework</Filter>
    </ClCompile>
    <ClCompile Include="$(TESTFW_BASE)\com.sysprogs.unittest.CppUTest\src\CppUTest\MemoryLeakDetector.cpp">
      <Filter>Source files\Device-specific files\Test Framework</Filter>
    </ClCompile>
    <ClCompile Include="$(TESTFW_BASE)\com.sysprogs.unittest.CppUTest\src\CppUTest\MemoryLeakWarningPlugin.cpp">
      <Filter>Source files\Device-specific files\Test Framework</Filter>
    </ClCompile>
    <ClCompile Include="$(TESTFW_BASE)\com.sysprogs.unittest.CppUTest\src\CppUTest\SimpleMutex.cpp">
      <Filter>Source files\Device-specific files\Test Framework</Filter>
    </ClCompile>
    <ClCompile Include="$(TESTFW_BASE)\com.sysprogs.unittest.CppUTest\src\CppUTest\SimpleString.cpp">
      <Filter>Source files\Device-specific files\Test Framework</Filter>
    </ClCompile>
    <ClCompile Include="$(TESTFW_BASE)\com.sysprogs.unittest.CppUTest\src\CppUTest\TeamCityTestOutput.cpp">
      <Filter>Source files\Device-specific files\Test Framework</Filter>
    </ClCompile>
    <ClCompile Include="$(TESTFW_BASE)\com.sysprogs.unittest.CppUTest\src\CppUTest\TestFailure.cpp">
      <Filter>Source files\Device-specific files\Test Framework</Filter>
    </ClCompile>
    <ClCompile Include="$(TESTFW_BASE)\com.sysprogs.unittest.CppUTest\src\CppUTest\TestFilter.cpp">
      <Filter>Source files\Device-specific files\Test Framework</Filter>
    </ClCompile>
    <ClCompile Include="$(TESTFW_BASE)\com.sysprogs.unittest.CppUTest\src\CppUTest\TestHarness_c.cpp">
      <Filter>Source files\Device-specific files\Test Framework</Filter>
    </ClCompile>
    <ClCompile Include="$(TESTFW_BASE)\com.sysprogs.unittest.CppUTest\src\CppUTest\TestMemoryAllocator.cpp">
      <Filter>Source files\Device-specific files\Test Framework</Filter>
    </ClCompile>
    <ClCompile Include="$(TESTFW_BASE)\com.sysprogs.unittest.CppUTest\src\CppUTest\TestOutput.cpp">
      <Filter>Source files\Device-specific files\Test Framework</Filter>
    </ClCompile>
    <ClCompile Include="$(TESTFW_BASE)\com.sysprogs.unittest.CppUTest\src\CppUTest\TestPlugin.cpp">
      <Filter>Source files\Device-specific files\Test Framework</Filter>
    </ClCompile>
    <ClCompile Include="$(TESTFW_BASE)\com.sysprogs.unittest.CppUTest\src\CppUTest\TestRegistry.cpp">
      <Filter>Source files\Device-specific files\Test Framework</Filter>
    </ClCompile>
    <ClCompile Include="$(TESTFW_BASE)\com.sysprogs.unittest.CppUTest\src\CppUTest\TestResult.cpp">
      <Filter>Source files\Device-specific files\Test Framework</Filter>
    </ClCompile>
    <ClCompile Include="$(TESTFW_BASE)\com.sysprogs.unittest.CppUTest\src\CppUTest\TestTestingFixture.cpp">
      <Filter>Source files\Device-specific files\Test Framework</Filter>
    </ClCompile>
    <ClCompile Include="$(TESTFW_BASE)\com.sysprogs.unittest.CppUTest\src\CppUTest\Utest.cpp">
      <Filter>Source files\Device-specific files\Test Framework</Filter>
    </ClCompile>
    <ClCompile Include="$(TESTFW_BASE)\com.sysprogs.unittest.CppUTest\Platforms\SysprogsTestHooks.cpp">
      <Filter>Source files\Device-specific files\Test Framework</Filter>
    </ClCompile>
    <ClCompile Include="$(TESTFW_BASE)\com.sysprogs.unittest.CppUTest\Platforms\Embedded\UtestPlatformEmbedded.cpp">
      <Filter>Source files\Device-specific files\Test Framework</Filter>
    </ClCompile>
    <ClInclude Include="stm32f7xx_hal_conf.h">
      <Filter>Header files</Filter>
    </ClInclude>
    <ClInclude Include="$(BSP_ROOT)\STM32F7xxxx\STM32F7xx_HAL_Driver\Inc\stm32f7xx_hal.h">
      <Filter>Header files\Device-specific files\HAL</Filter>
    </ClInclude>
    <ClInclude Include="$(BSP_ROOT)\STM32F7xxxx\STM32F7xx_HAL_Driver\Inc\stm32f7xx_hal_adc.h">
      <Filter>Header files\Device-specific files\HAL</Filter>
    </ClInclude>
    <ClInclude Include="$(BSP_ROOT)\STM32F7xxxx\STM32F7xx_HAL_Driver\Inc\stm32f7xx_hal_adc_ex.h">
      <Filter>Header files\Device-specific files\HAL</Filter>
    </ClInclude>
    <ClInclude Include="$(BSP_ROOT)\STM32F7xxxx\STM32F7xx_HAL_Driver\Inc\stm32f7xx_hal_can.h">
      <Filter>Header files\Device-specific files\HAL</Filter>
    </ClInclude>
    <ClInclude Include="$(BSP_ROOT)\STM32F7xxxx\STM32F7xx_HAL_Driver\Inc\stm32f7xx_hal_cec.h">
      <Filter>Header files\Device-specific files\HAL</Filter>
    </ClInclude>
    <ClInclude Include="$(BSP_ROOT)\STM32F7xxxx\STM32F7xx_HAL_Driver\Inc\stm32f7xx_hal_cortex.h">
      <Filter>Header files\Device-specific files\HAL</Filter>
    </ClInclude>
    <ClInclude Include="$(BSP_ROOT)\STM32F7xxxx\STM32F7xx_HAL_Driver\Inc\stm32f7xx_hal_crc.h">
      <Filter>Header files\Device-specific files\HAL</Filter>
    </ClInclude>
    <ClInclude Include="$(BSP_ROOT)\STM32F7xxxx\STM32F7xx_HAL_Driver\Inc\stm32f7xx_hal_crc_ex.h">
      <Filter>Header files\Device-specific files\HAL</Filter>
    </ClInclude>
    <ClInclude Include="$(BSP_ROOT)\STM32F7xxxx\STM32F7xx_HAL_Driver\Inc\stm32f7xx_hal_cryp.h">
      <Filter>Header files\Device-specific files\HAL</Filter>
    </ClInclude>
    <ClInclude Include="$(BSP_ROOT)\STM32F7xxxx\STM32F7xx_HAL_Driver\Inc\stm32f7xx_hal_cryp_ex.h">
      <Filter>Header files\Device-specific files\HAL</Filter>
    </ClInclude>
    <ClInclude Include="$(BSP_ROOT)\STM32F7xxxx\STM32F7xx_HAL_Driver\Inc\stm32f7xx_hal_dac.h">
      <Filter>Header files\Device-specific files\HAL</Filter>
    </ClInclude>
    <ClInclude Include="$(BSP_ROOT)\STM32F7xxxx\STM32F7xx_HAL_Driver\Inc\stm32f7xx_hal_dac_ex.h">
      <Filter>Header files\Device-specific files\HAL</Filter>
    </ClInclude>
    <ClInclude Include="$(BSP_ROOT)\STM32F7xxxx\STM32F7xx_HAL_Driver\Inc\stm32f7xx_hal_dcmi.h">
      <Filter>Header files\Device-specific files\HAL</Filter>
    </ClInclude>
    <ClInclude Include="$(BSP_ROOT)\STM32F7xxxx\STM32F7xx_HAL_Driver\Inc\stm32f7xx_hal_dcmi_ex.h">
      <Filter>Header files\Device-specific files\HAL</Filter>
    </ClInclude>
    <ClInclude Include="$(BSP_ROOT)\STM32F7xxxx\STM32F7xx_HAL_Driver\Inc\stm32f7xx_hal_def.h">
      <Filter>Header files\Device-specific files\HAL</Filter>
    </ClInclude>
    <ClInclude Include="$(BSP_ROOT)\STM32F7xxxx\STM32F7xx_HAL_Driver\Inc\stm32f7xx_hal_dfsdm.h">
      <Filter>Header files\Device-specific files\HAL</Filter>
    </ClInclude>
    <ClInclude Include="$(BSP_ROOT)\STM32F7xxxx\STM32F7xx_HAL_Driver\Inc\stm32f7xx_hal_dma.h">
      <Filter>Header files\Device-specific files\HAL</Filter>
    </ClInclude>
    <ClInclude Include="$(BSP_ROOT)\STM32F7xxxx\STM32F7xx_HAL_Driver\Inc\stm32f7xx_hal_dma2d.h">
      <Filter>Header files\Device-specific files\HAL</Filter>
    </ClInclude>
    <ClInclude Include="$(BSP_ROOT)\STM32F7xxxx\STM32F7xx_HAL_Driver\Inc\stm32f7xx_hal_dma_ex.h">
      <Filter>Header files\Device-specific files\HAL</Filter>
    </ClInclude>
    <ClInclude Include="$(BSP_ROOT)\STM32F7xxxx\STM32F7xx_HAL_Driver\Inc\stm32f7xx_hal_dsi.h">
      <Filter>Header files\Device-specific files\HAL</Filter>
    </ClInclude>
    <ClInclude Include="$(BSP_ROOT)\STM32F7xxxx\STM32F7xx_HAL_Driver\Inc\stm32f7xx_hal_eth.h">
      <Filter>Header files\Device-specific files\HAL</Filter>
    </ClInclude>
    <ClInclude Include="$(BSP_ROOT)\STM32F7xxxx\STM32F7xx_HAL_Driver\Inc\stm32f7xx_hal_flash.h">
      <Filter>Header files\Device-specific files\HAL</Filter>
    </ClInclude>
    <ClInclude Include="$(BSP_ROOT)\STM32F7xxxx\STM32F7xx_HAL_Driver\Inc\stm32f7xx_hal_flash_ex.h">
      <Filter>Header files\Device-specific files\HAL</Filter>
    </ClInclude>
    <ClInclude Include="$(BSP_ROOT)\STM32F7xxxx\STM32F7xx_HAL_Driver\Inc\stm32f7xx_hal_gpio.h">
      <Filter>Header files\Device-specific files\HAL</Filter>
    </ClInclude>
    <ClInclude Include="$(BSP_ROOT)\STM32F7xxxx\STM32F7xx_HAL_Driver\Inc\stm32f7xx_hal_gpio_ex.h">
      <Filter>Header files\Device-specific files\HAL</Filter>
    </ClInclude>
    <ClInclude Include="$(BSP_ROOT)\STM32F7xxxx\STM32F7xx_HAL_Driver\Inc\stm32f7xx_hal_hash.h">
      <Filter>Header files\Device-specific files\HAL</Filter>
    </ClInclude>
    <ClInclude Include="$(BSP_ROOT)\STM32F7xxxx\STM32F7xx_HAL_Driver\Inc\stm32f7xx_hal_hash_ex.h">
      <Filter>Header files\Device-specific files\HAL</Filter>
    </ClInclude>
    <ClInclude Include="$(BSP_ROOT)\STM32F7xxxx\STM32F7xx_HAL_Driver\Inc\stm32f7xx_hal_hcd.h">
      <Filter>Header files\Device-specific files\HAL</Filter>
    </ClInclude>
    <ClInclude Include="$(BSP_ROOT)\STM32F7xxxx\STM32F7xx_HAL_Driver\Inc\stm32f7xx_hal_i2c.h">
      <Filter>Header files\Device-specific files\HAL</Filter>
    </ClInclude>
    <ClInclude Include="$(BSP_ROOT)\STM32F7xxxx\STM32F7xx_HAL_Driver\Inc\stm32f7xx_hal_i2c_ex.h">
      <Filter>Header files\Device-specific files\HAL</Filter>
    </ClInclude>
    <ClInclude Include="$(BSP_ROOT)\STM32F7xxxx\STM32F7xx_HAL_Driver\Inc\stm32f7xx_hal_i2s.h">
      <Filter>Header files\Device-specific files\HAL</Filter>
    </ClInclude>
    <ClInclude Include="$(BSP_ROOT)\STM32F7xxxx\STM32F7xx_HAL_Driver\Inc\stm32f7xx_hal_irda.h">
      <Filter>Header files\Device-specific files\HAL</Filter>
    </ClInclude>
    <ClInclude Include="$(BSP_ROOT)\STM32F7xxxx\STM32F7xx_HAL_Driver\Inc\stm32f7xx_hal_irda_ex.h">
      <Filter>Header files\Device-specific files\HAL</Filter>
    </ClInclude>
    <ClInclude Include="$(BSP_ROOT)\STM32F7xxxx\STM32F7xx_HAL_Driver\Inc\stm32f7xx_hal_iwdg.h">
      <Filter>Header files\Device-specific files\HAL</Filter>
    </ClInclude>
    <ClInclude Include="$(BSP_ROOT)\STM32F7xxxx\STM32F7xx_HAL_Driver\Inc\stm32f7xx_hal_jpeg.h">
      <Filter>Header files\Device-specific files\HAL</Filter>
    </ClInclude>
    <ClInclude Include="$(BSP_ROOT)\STM32F7xxxx\STM32F7xx_HAL_Driver\Inc\stm32f7xx_hal_lptim.h">
      <Filter>Header files\Device-specific files\HAL</Filter>
    </ClInclude>
    <ClInclude Include="$(BSP_ROOT)\STM32F7xxxx\STM32F7xx_HAL_Driver\Inc\stm32f7xx_hal_ltdc.h">
      <Filter>Header files\Device-specific files\HAL</Filter>
    </ClInclude>
    <ClInclude Include="$(BSP_ROOT)\STM32F7xxxx\STM32F7xx_HAL_Driver\Inc\stm32f7xx_hal_ltdc_ex.h">
      <Filter>Header files\Device-specific files\HAL</Filter>
    </ClInclude>
    <ClInclude Include="$(BSP_ROOT)\STM32F7xxxx\STM32F7xx_HAL_Driver\Inc\stm32f7xx_hal_mdios.h">
      <Filter>Header files\Device-specific files\HAL</Filter>
    </ClInclude>
    <ClInclude Include="$(BSP_ROOT)\STM32F7xxxx\STM32F7xx_HAL_Driver\Inc\stm32f7xx_hal_mmc.h">
      <Filter>Header files\Device-specific files\HAL</Filter>
    </ClInclude>
    <ClInclude Include="$(BSP_ROOT)\STM32F7xxxx\STM32F7xx_HAL_Driver\Inc\stm32f7xx_hal_nand.h">
      <Filter>Header files\Device-specific files\HAL</Filter>
    </ClInclude>
    <ClInclude Include="$(BSP_ROOT)\STM32F7xxxx\STM32F7xx_HAL_Driver\Inc\stm32f7xx_hal_nor.h">
      <Filter>Header files\Device-specific files\HAL</Filter>
    </ClInclude>
    <ClInclude Include="$(BSP_ROOT)\STM32F7xxxx\STM32F7xx_HAL_Driver\Inc\stm32f7xx_hal_pcd.h">
      <Filter>Header files\Device-specific files\HAL</Filter>
    </ClInclude>
    <ClInclude Include="$(BSP_ROOT)\STM32F7xxxx\STM32F7xx_HAL_Driver\Inc\stm32f7xx_hal_pcd_ex.h">
      <Filter>Header files\Device-specific files\HAL</Filter>
    </ClInclude>
    <ClInclude Include="$(BSP_ROOT)\STM32F7xxxx\STM32F7xx_HAL_Driver\Inc\stm32f7xx_hal_pwr.h">
      <Filter>Header files\Device-specific files\HAL</Filter>
    </ClInclude>
    <ClInclude Include="$(BSP_ROOT)\STM32F7xxxx\STM32F7xx_HAL_Driver\Inc\stm32f7xx_hal_pwr_ex.h">
      <Filter>Header files\Device-specific files\HAL</Filter>
    </ClInclude>
    <ClInclude Include="$(BSP_ROOT)\STM32F7xxxx\STM32F7xx_HAL_Driver\Inc\stm32f7xx_hal_qspi.h">
      <Filter>Header files\Device-specific files\HAL</Filter>
    </ClInclude>
    <ClInclude Include="$(BSP_ROOT)\STM32F7xxxx\STM32F7xx_HAL_Driver\Inc\stm32f7xx_hal_rcc.h">
      <Filter>Header files\Device-specific files\HAL</Filter>
    </ClInclude>
    <ClInclude Include="$(BSP_ROOT)\STM32F7xxxx\STM32F7xx_HAL_Driver\Inc\stm32f7xx_hal_rcc_ex.h">
      <Filter>Header files\Device-specific files\HAL</Filter>
    </ClInclude>
    <ClInclude Include="$(BSP_ROOT)\STM32F7xxxx\STM32F7xx_HAL_Driver\Inc\stm32f7xx_hal_rng.h">
      <Filter>Header files\Device-specific files\HAL</Filter>
    </ClInclude>
    <ClInclude Include="$(BSP_ROOT)\STM32F7xxxx\STM32F7xx_HAL_Driver\Inc\stm32f7xx_hal_rtc.h">
      <Filter>Header files\Device-specific files\HAL</Filter>
    </ClInclude>
    <ClInclude Include="$(BSP_ROOT)\STM32F7xxxx\STM32F7xx_HAL_Driver\Inc\stm32f7xx_hal_rtc_ex.h">
      <Filter>Header files\Device-specific files\HAL</Filter>
    </ClInclude>
    <ClInclude Include="$(BSP_ROOT)\STM32F7xxxx\STM32F7xx_HAL_Driver\Inc\stm32f7xx_hal_sai.h">
      <Filter>Header files\Device-specific files\HAL</Filter>
    </ClInclude>
    <ClInclude Include="$(BSP_ROOT)\STM32F7xxxx\STM32F7xx_HAL_Driver\Inc\stm32f7xx_hal_sai_ex.h">
      <Filter>Header files\Device-specific files\HAL</Filter>
    </ClInclude>
    <ClInclude Include="$(BSP_ROOT)\STM32F7xxxx\STM32F7xx_HAL_Driver\Inc\stm32f7xx_hal_sd.h">
      <Filter>Header files\Device-specific files\HAL</Filter>
    </ClInclude>
    <ClInclude Include="$(BSP_ROOT)\STM32F7xxxx\STM32F7xx_HAL_Driver\Inc\stm32f7xx_hal_sdram.h">
      <Filter>Header files\Device-specific files\HAL</Filter>
    </ClInclude>
    <ClInclude Include="$(BSP_ROOT)\STM32F7xxxx\STM32F7xx_HAL_Driver\Inc\stm32f7xx_hal_smartcard.h">
      <Filter>Header files\Device-specific files\HAL</Filter>
    </ClInclude>
    <ClInclude Include="$(BSP_ROOT)\STM32F7xxxx\STM32F7xx_HAL_Driver\Inc\stm32f7xx_hal_smartcard_ex.h">
      <Filter>Header files\Device-specific files\HAL</Filter>
    </ClInclude>
    <ClInclude Include="$(BSP_ROOT)\STM32F7xxxx\STM32F7xx_HAL_Driver\Inc\stm32f7xx_hal_smbus.h">
      <Filter>Header files\Device-specific files\HAL</Filter>
    </ClInclude>
    <ClInclude Include="$(BSP_ROOT)\STM32F7xxxx\STM32F7xx_HAL_Driver\Inc\stm32f7xx_hal_spdifrx.h">
      <Filter>Header files\Device-specific files\HAL</Filter>
    </ClInclude>
    <ClInclude Include="$(BSP_ROOT)\STM32F7xxxx\STM32F7xx_HAL_Driver\Inc\stm32f7xx_hal_spi.h">
      <Filter>Header files\Device-specific files\HAL</Filter>
    </ClInclude>
    <ClInclude Include="$(BSP_ROOT)\STM32F7xxxx\STM32F7xx_HAL_Driver\Inc\stm32f7xx_hal_sram.h">
      <Filter>Header files\Device-specific files\HAL</Filter>
    </ClInclude>
    <ClInclude Include="$(BSP_ROOT)\STM32F7xxxx\STM32F7xx_HAL_Driver\Inc\stm32f7xx_hal_tim.h">
      <Filter>Header files\Device-specific files\HAL</Filter>
    </ClInclude>
    <ClInclude Include="$(BSP_ROOT)\STM32F7xxxx\STM32F7xx_HAL_Driver\Inc\stm32f7xx_hal_tim_ex.h">
      <Filter>Header files\Device-specific files\HAL</Filter>
    </ClInclude>
    <ClInclude Include="$(BSP_ROOT)\STM32F7xxxx\STM32F7xx_HAL_Driver\Inc\stm32f7xx_hal_uart.h">
      <Filter>Header files\Device-specific files\HAL</Filter>
    </ClInclude>
    <ClInclude Include="$(BSP_ROOT)\STM32F7xxxx\STM32F7xx_HAL_Driver\Inc\stm32f7xx_hal_uart_ex.h">
      <Filter>Header files\Device-specific files\HAL</Filter>
    </ClInclude>
    <ClInclude Include="$(BSP_ROOT)\STM32F7xxxx\STM32F7xx_HAL_Driver\Inc\stm32f7xx_hal_usart.h">
      <Filter>Header files\Device-specific files\HAL</Filter>
    </ClInclude>
    <ClInclude Include="$(BSP_ROOT)\STM32F7xxxx\STM32F7xx_HAL_Driver\Inc\stm32f7xx_hal_usart_ex.h">
      <Filter>Header files\Device-specific files\HAL</Filter>
    </ClInclude>
    <ClInclude Include="$(BSP_ROOT)\STM32F7xxxx\STM32F7xx_HAL_Driver\Inc\stm32f7xx_hal_wwdg.h">
      <Filter>Header files\Device-specific files\HAL</Filter>
    </ClInclude>
    <ClInclude Include="$(BSP_ROOT)\STM32F7xxxx\STM32F7xx_HAL_Driver\Inc\stm32f7xx_ll_adc.h">
      <Filter>Header files\Device-specific files\HAL</Filter>
    </ClInclude>
    <ClInclude Include="$(BSP_ROOT)\STM32F7xxxx\STM32F7xx_HAL_Driver\Inc\stm32f7xx_ll_bus.h">
      <Filter>Header files\Device-specific files\HAL</Filter>
    </ClInclude>
    <ClInclude Include="$(BSP_ROOT)\STM32F7xxxx\STM32F7xx_HAL_Driver\Inc\stm32f7xx_ll_cortex.h">
      <Filter>Header files\Device-specific files\HAL</Filter>
    </ClInclude>
    <ClInclude Include="$(BSP_ROOT)\STM32F7xxxx\STM32F7xx_HAL_Driver\Inc\stm32f7xx_ll_crc.h">
      <Filter>Header files\Device-specific files\HAL</Filter>
    </ClInclude>
    <ClInclude Include="$(BSP_ROOT)\STM32F7xxxx\STM32F7xx_HAL_Driver\Inc\stm32f7xx_ll_dac.h">
      <Filter>Header files\Device-specific files\HAL</Filter>
    </ClInclude>
    <ClInclude Include="$(BSP_ROOT)\STM32F7xxxx\STM32F7xx_HAL_Driver\Inc\stm32f7xx_ll_dma.h">
      <Filter>Header files\Device-specific files\HAL</Filter>
    </ClInclude>
    <ClInclude Include="$(BSP_ROOT)\STM32F7xxxx\STM32F7xx_HAL_Driver\Inc\stm32f7xx_ll_dma2d.h">
      <Filter>Header files\Device-specific files\HAL</Filter>
    </ClInclude>
    <ClInclude Include="$(BSP_ROOT)\STM32F7xxxx\STM32F7xx_HAL_Driver\Inc\stm32f7xx_ll_exti.h">
      <Filter>Header files\Device-specific files\HAL</Filter>
    </ClInclude>
    <ClInclude Include="$(BSP_ROOT)\STM32F7xxxx\STM32F7xx_HAL_Driver\Inc\stm32f7xx_ll_fmc.h">
      <Filter>Header files\Device-specific files\HAL</Filter>
    </ClInclude>
    <ClInclude Include="$(BSP_ROOT)\STM32F7xxxx\STM32F7xx_HAL_Driver\Inc\stm32f7xx_ll_gpio.h">
      <Filter>Header files\Device-specific files\HAL</Filter>
    </ClInclude>
    <ClInclude Include="$(BSP_ROOT)\STM32F7xxxx\STM32F7xx_HAL_Driver\Inc\stm32f7xx_ll_i2c.h">
      <Filter>Header files\Device-specific files\HAL</Filter>
    </ClInclude>
    <ClInclude Include="$(BSP_ROOT)\STM32F7xxxx\STM32F7xx_HAL_Driver\Inc\stm32f7xx_ll_iwdg.h">
      <Filter>Header files\Device-specific files\HAL</Filter>
    </ClInclude>
    <ClInclude Include="$(BSP_ROOT)\STM32F7xxxx\STM32F7xx_HAL_Driver\Inc\stm32f7xx_ll_lptim.h">
      <Filter>Header files\Device-specific files\HAL</Filter>
    </ClInclude>
    <ClInclude Include="$(BSP_ROOT)\STM32F7xxxx\STM32F7xx_HAL_Driver\Inc\stm32f7xx_ll_pwr.h">
      <Filter>Header files\Device-specific files\HAL</Filter>
    </ClInclude>
    <ClInclude Include="$(BSP_ROOT)\STM32F7xxxx\STM32F7xx_HAL_Driver\Inc\stm32f7xx_ll_rcc.h">
      <Filter>Header files\Device-specific files\HAL</Filter>
    </ClInclude>
    <ClInclude Include="$(BSP_ROOT)\STM32F7xxxx\STM32F7xx_HAL_Driver\Inc\stm32f7xx_ll_rng.h">
      <Filter>Header files\Device-specific files\HAL</Filter>
    </ClInclude>
    <ClInclude Include="$(BSP_ROOT)\STM32F7xxxx\STM32F7xx_HAL_Driver\Inc\stm32f7xx_ll_rtc.h">
      <Filter>Header files\Device-specific files\HAL</Filter>
    </ClInclude>
    <ClInclude Include="$(BSP_ROOT)\STM32F7xxxx\STM32F7xx_HAL_Driver\Inc\stm32f7xx_ll_sdmmc.h">
      <Filter>Header files\Device-specific files\HAL</Filter>
    </ClInclude>
    <ClInclude Include="$(BSP_ROOT)\STM32F7xxxx\STM32F7xx_HAL_Driver\Inc\stm32f7xx_ll_spi.h">
      <Filter>Header files\Device-specific files\HAL</Filter>
    </ClInclude>
    <ClInclude Include="$(BSP_ROOT)\STM32F7xxxx\STM32F7xx_HAL_Driver\Inc\stm32f7xx_ll_system.h">
      <Filter>Header files\Device-specific files\HAL</Filter>
    </ClInclude>
    <ClInclude Include="$(BSP_ROOT)\STM32F7xxxx\STM32F7xx_HAL_Driver\Inc\stm32f7xx_ll_tim.h">
      <Filter>Header files\Device-specific files\HAL</Filter>
    </ClInclude>
    <ClInclude Include="$(BSP_ROOT)\STM32F7xxxx\STM32F7xx_HAL_Driver\Inc\stm32f7xx_ll_usart.h">
      <Filter>Header files\Device-specific files\HAL</Filter>
    </ClInclude>
    <ClInclude Include="$(BSP_ROOT)\STM32F7xxxx\STM32F7xx_HAL_Driver\Inc\stm32f7xx_ll_usb.h">
      <Filter>Header files\Device-specific files\HAL</Filter>
    </ClInclude>
    <ClInclude Include="$(BSP_ROOT)\STM32F7xxxx\STM32F7xx_HAL_Driver\Inc\stm32f7xx_ll_utils.h">
      <Filter>Header files\Device-specific files\HAL</Filter>
    </ClInclude>
    <ClInclude Include="$(BSP_ROOT)\STM32F7xxxx\STM32F7xx_HAL_Driver\Inc\stm32f7xx_ll_wwdg.h">
      <Filter>Header files\Device-specific files\HAL</Filter>
    </ClInclude>
    <ClInclude Include="$(BSP_ROOT)\STM32F7xxxx\STM32F7xx_HAL_Driver\Inc\Legacy\stm32f7xx_hal_can_legacy.h">
      <Filter>Header files\Device-specific files\HAL</Filter>
    </ClInclude>
    <ClInclude Include="$(BSP_ROOT)\STM32F7xxxx\STM32F7xx_HAL_Driver\Inc\Legacy\stm32_hal_legacy.h">
      <Filter>Header files\Device-specific files\HAL</Filter>
    </ClInclude>
    <ClInclude Include="$(BSP_ROOT)\STM32F7xxxx\CMSIS_HAL\Device\ST\STM32F7xx\Include\stm32f7xx.h">
      <Filter>Header files\Device-specific files\HAL</Filter>
    </ClInclude>
    <ClInclude Include="$(BSP_ROOT)\STM32F7xxxx\CMSIS_HAL\Device\ST\STM32F7xx\Include\system_stm32f7xx.h">
      <Filter>Header files\Device-specific files\HAL</Filter>
    </ClInclude>
    <ClInclude Include="$(BSP_ROOT)\STM32F7xxxx\CMSIS_HAL\Include\arm_common_tables.h">
      <Filter>Header files\Device-specific files\HAL</Filter>
    </ClInclude>
    <ClInclude Include="$(BSP_ROOT)\STM32F7xxxx\CMSIS_HAL\Include\arm_const_structs.h">
      <Filter>Header files\Device-specific files\HAL</Filter>
    </ClInclude>
    <ClInclude Include="$(BSP_ROOT)\STM32F7xxxx\CMSIS_HAL\Include\arm_math.h">
      <Filter>Header files\Device-specific files\HAL</Filter>
    </ClInclude>
    <ClInclude Include="$(BSP_ROOT)\STM32F7xxxx\CMSIS_HAL\Include\cmsis_armcc.h">
      <Filter>Header files\Device-specific files\HAL</Filter>
    </ClInclude>
    <ClInclude Include="$(BSP_ROOT)\STM32F7xxxx\CMSIS_HAL\Include\cmsis_armcc_V6.h">
      <Filter>Header files\Device-specific files\HAL</Filter>
    </ClInclude>
    <ClInclude Include="$(BSP_ROOT)\STM32F7xxxx\CMSIS_HAL\Include\cmsis_gcc.h">
      <Filter>Header files\Device-specific files\HAL</Filter>
    </ClInclude>
    <ClInclude Include="$(BSP_ROOT)\STM32F7xxxx\CMSIS_HAL\Include\core_cm0.h">
      <Filter>Header files\Device-specific files\HAL</Filter>
    </ClInclude>
    <ClInclude Include="$(BSP_ROOT)\STM32F7xxxx\CMSIS_HAL\Include\core_cm0plus.h">
      <Filter>Header files\Device-specific files\HAL</Filter>
    </ClInclude>
    <ClInclude Include="$(BSP_ROOT)\STM32F7xxxx\CMSIS_HAL\Include\core_cm3.h">
      <Filter>Header files\Device-specific files\HAL</Filter>
    </ClInclude>
    <ClInclude Include="$(BSP_ROOT)\STM32F7xxxx\CMSIS_HAL\Include\core_cm4.h">
      <Filter>Header files\Device-specific files\HAL</Filter>
    </ClInclude>
    <ClInclude Include="$(BSP_ROOT)\STM32F7xxxx\CMSIS_HAL\Include\core_cm7.h">
      <Filter>Header files\Device-specific files\HAL</Filter>
    </ClInclude>
    <ClInclude Include="$(BSP_ROOT)\STM32F7xxxx\CMSIS_HAL\Include\core_cmFunc.h">
      <Filter>Header files\Device-specific files\HAL</Filter>
    </ClInclude>
    <ClInclude Include="$(BSP_ROOT)\STM32F7xxxx\CMSIS_HAL\Include\core_cmInstr.h">
      <Filter>Header files\Device-specific files\HAL</Filter>
    </ClInclude>
    <ClInclude Include="$(BSP_ROOT)\STM32F7xxxx\CMSIS_HAL\Include\core_cmSimd.h">
      <Filter>Header files\Device-specific files\HAL</Filter>
    </ClInclude>
    <ClInclude Include="$(BSP_ROOT)\STM32F7xxxx\CMSIS_HAL\Include\core_sc000.h">
      <Filter>Header files\Device-specific files\HAL</Filter>
    </ClInclude>
    <ClInclude Include="$(BSP_ROOT)\STM32F7xxxx\CMSIS_HAL\Include\core_sc300.h">
      <Filter>Header files\Device-specific files\HAL</Filter>
    </ClInclude>
    <ClInclude Include="$(BSP_ROOT)\STM32F7xxxx\CMSIS_HAL\RTOS\Template\cmsis_os.h">
      <Filter>Header files\Device-specific files\HAL</Filter>
    </ClInclude>
    <ClInclude Include="$(EFP_BASE)\Profiler\SysprogsProfiler.h">
      <Filter>Header files\Device-specific files\Semihosting/Profiler</Filter>
    </ClInclude>
    <ClInclude Include="$(EFP_BASE)\Profiler\SmallNumberCoder.h">
      <Filter>Header files\Device-specific files\Semihosting/Profiler</Filter>
    </ClInclude>
    <ClInclude Include="$(EFP_BASE)\Profiler\SysprogsProfilerInterface.h">
      <Filter>Header files\Device-specific files\Semihosting/Profiler</Filter>
    </ClInclude>
    <ClInclude Include="$(EFP_BASE)\Profiler\ProfilerFreeRTOSHooks.h">
      <Filter>Header files\Device-specific files\Semihosting/Profiler</Filter>
    </ClInclude>
    <ClInclude Include="$(EFP_BASE)\Profiler\CustomRealTimeWatches.h">
      <Filter>Header files\Device-specific files\Semihosting/Profiler</Filter>
    </ClInclude>
    <ClInclude Include="$(EFP_BASE)\Profiler\DebuggerChecker.h">
      <Filter>Header files\Device-specific files\Semihosting/Profiler</Filter>
    </ClInclude>
    <ClInclude Include="$(TESTFW_BASE)\com.sysprogs.unittest.CppUTest\include\CppUTest\CommandLineArguments.h">
      <Filter>Header files\Device-specific files\Test Framework</Filter>
    </ClInclude>
    <ClInclude Include="$(TESTFW_BASE)\com.sysprogs.unittest.CppUTest\include\CppUTest\CommandLineTestRunner.h">
      <Filter>Header files\Device-specific files\Test Framework</Filter>
    </ClInclude>
    <ClInclude Include="$(TESTFW_BASE)\com.sysprogs.unittest.CppUTest\include\CppUTest\CppUTestConfig.h">
      <Filter>Header files\Device-specific files\Test Framework</Filter>
    </ClInclude>
    <ClInclude Include="$(TESTFW_BASE)\com.sysprogs.unittest.CppUTest\include\CppUTest\CppUTestGeneratedConfig.h">
      <Filter>Header files\Device-specific files\Test Framework</Filter>
    </ClInclude>
    <ClInclude Include="$(TESTFW_BASE)\com.sysprogs.unittest.CppUTest\include\CppUTest\JUnitTestOutput.h">
      <Filter>Header files\Device-specific files\Test Framework</Filter>
    </ClInclude>
    <ClInclude Include="$(TESTFW_BASE)\com.sysprogs.unittest.CppUTest\include\CppUTest\MemoryLeakDetector.h">
      <Filter>Header files\Device-specific files\Test Framework</Filter>
    </ClInclude>
    <ClInclude Include="$(TESTFW_BASE)\com.sysprogs.unittest.CppUTest\include\CppUTest\MemoryLeakDetectorMallocMacros.h">
      <Filter>Header files\Device-specific files\Test Framework</Filter>
    </ClInclude>
    <ClInclude Include="$(TESTFW_BASE)\com.sysprogs.unittest.CppUTest\include\CppUTest\MemoryLeakDetectorNewMacros.h">
      <Filter>Header files\Device-specific files\Test Framework</Filter>
    </ClInclude>
    <ClInclude Include="$(TESTFW_BASE)\com.sysprogs.unittest.CppUTest\include\CppUTest\MemoryLeakWarningPlugin.h">
      <Filter>Header files\Device-specific files\Test Framework</Filter>
    </ClInclude>
    <ClInclude Include="$(TESTFW_BASE)\com.sysprogs.unittest.CppUTest\include\CppUTest\PlatformSpecificFunctions.h">
      <Filter>Header files\Device-specific files\Test Framework</Filter>
    </ClInclude>
    <ClInclude Include="$(TESTFW_BASE)\com.sysprogs.unittest.CppUTest\include\CppUTest\PlatformSpecificFunctions_c.h">
      <Filter>Header files\Device-specific files\Test Framework</Filter>
    </ClInclude>
    <ClInclude Include="$(TESTFW_BASE)\com.sysprogs.unittest.CppUTest\include\CppUTest\SimpleMutex.h">
      <Filter>Header files\Device-specific files\Test Framework</Filter>
    </ClInclude>
    <ClInclude Include="$(TESTFW_BASE)\com.sysprogs.unittest.CppUTest\include\CppUTest\SimpleString.h">
      <Filter>Header files\Device-specific files\Test Framework</Filter>
    </ClInclude>
    <ClInclude Include="$(TESTFW_BASE)\com.sysprogs.unittest.CppUTest\include\CppUTest\StandardCLibrary.h">
      <Filter>Header files\Device-specific files\Test Framework</Filter>
    </ClInclude>
    <ClInclude Include="$(TESTFW_BASE)\com.sysprogs.unittest.CppUTest\include\CppUTest\TeamCityTestOutput.h">
      <Filter>Header files\Device-specific files\Test Framework</Filter>
    </ClInclude>
    <ClInclude Include="$(TESTFW_BASE)\com.sysprogs.unittest.CppUTest\include\CppUTest\TestFailure.h">
      <Filter>Header files\Device-specific files\Test Framework</Filter>
    </ClInclude>
    <ClInclude Include="$(TESTFW_BASE)\com.sysprogs.unittest.CppUTest\include\CppUTest\TestFilter.h">
      <Filter>Header files\Device-specific files\Test Framework</Filter>
    </ClInclude>
    <ClInclude Include="$(TESTFW_BASE)\com.sysprogs.unittest.CppUTest\include\CppUTest\TestHarness.h">
      <Filter>Header files\Device-specific files\Test Framework</Filter>
    </ClInclude>
    <ClInclude Include="$(TESTFW_BASE)\com.sysprogs.unittest.CppUTest\include\CppUTest\TestHarness_c.h">
      <Filter>Header files\Device-specific files\Test Framework</Filter>
    </ClInclude>
    <ClInclude Include="$(TESTFW_BASE)\com.sysprogs.unittest.CppUTest\include\CppUTest\TestMemoryAllocator.h">
      <Filter>Header files\Device-specific files\Test Framework</Filter>
    </ClInclude>
    <ClInclude Include="$(TESTFW_BASE)\com.sysprogs.unittest.CppUTest\include\CppUTest\TestOutput.h">
      <Filter>Header files\Device-specific files\Test Framework</Filter>
    </ClInclude>
    <ClInclude Include="$(TESTFW_BASE)\com.sysprogs.unittest.CppUTest\include\CppUTest\TestPlugin.h">
      <Filter>Header files\Device-specific files\Test Framework</Filter>
    </ClInclude>
    <ClInclude Include="$(TESTFW_BASE)\com.sysprogs.unittest.CppUTest\include\CppUTest\TestRegistry.h">
      <Filter>Header files\Device-specific files\Test Framework</Filter>
    </ClInclude>
    <ClInclude Include="$(TESTFW_BASE)\com.sysprogs.unittest.CppUTest\include\CppUTest\TestResult.h">
      <Filter>Header files\Device-specific files\Test Framework</Filter>
    </ClInclude>
    <ClInclude Include="$(TESTFW_BASE)\com.sysprogs.unittest.CppUTest\include\CppUTest\TestTestingFixture.h">
      <Filter>Header files\Device-specific files\Test Framework</Filter>
    </ClInclude>
    <ClInclude Include="$(TESTFW_BASE)\com.sysprogs.unittest.CppUTest\include\CppUTest\Utest.h">
      <Filter>Header files\Device-specific files\Test Framework</Filter>
    </ClInclude>
    <ClInclude Include="$(TESTFW_BASE)\com.sysprogs.unittest.CppUTest\include\CppUTest\UtestMacros.h">
      <Filter>Header files\Device-specific files\Test Framework</Filter>
    </ClInclude>
    <ClInclude Include="$(TESTFW_BASE)\com.sysprogs.unittest.CppUTest\Platforms\SysprogsTestHooks.h">
      <Filter>Header files\Device-specific files\Test Framework</Filter>
    </ClInclude>
    <None Include="Watchdog_STM32F767ZI-Debug.vgdbsettings">
      <Filter>VisualGDB settings</Filter>
    </None>
    <None Include="Watchdog_STM32F767ZI-Release.vgdbsettings">
      <Filter>VisualGDB settings</Filter>
    </None>
    <None Include="stm32.xml">
      <Filter>VisualGDB settings</Filter>
    </None>
    <ClCompile Include="..\..\main.cpp">
      <Filter>Source files</Filter>
    </ClCompile>
    <ClCompile Include="..\..\test.cpp">
      <Filter>Source files</Filter>
    </ClCompile>
    <ClInclude Include="..\..\..\..\..\Thor\Thor\include\boostStub.hpp">
      <Filter>Thor\include</Filter>
    </ClInclude>
    <ClInclude Include="..\..\..\..\..\Thor\Thor\include\chimeraPort.hpp">
      <Filter>Thor\include</Filter>
    </ClInclude>
    <ClInclude Include="..\..\..\..\..\Thor\Thor\include\clock.hpp">
      <Filter>Thor\include</Filter>
    </ClInclude>
    <ClInclude Include="..\..\..\..\..\Thor\Thor\include\config.hpp">
      <Filter>Thor\include</Filter>
    </ClInclude>
    <ClInclude Include="..\..\..\..\..\Thor\Thor\include\core.hpp">
      <Filter>Thor\include</Filter>
    </ClInclude>
    <ClInclude Include="..\..\..\..\..\Thor\Thor\include\defaults.hpp">
      <Filter>Thor\include</Filter>
    </ClInclude>
    <ClInclude Include="..\..\..\..\..\Thor\Thor\include\definitions.hpp">
      <Filter>Thor\include</Filter>
    </ClInclude>
    <ClInclude Include="..\..\..\..\..\Thor\Thor\include\exceptions.hpp">
      <Filter>Thor\include</Filter>
    </ClInclude>
    <ClInclude Include="..\..\..\..\..\Thor\Thor\include\exti.hpp">
      <Filter>Thor\include</Filter>
    </ClInclude>
    <ClInclude Include="..\..\..\..\..\Thor\Thor\include\flags.hpp">
      <Filter>Thor\include</Filter>
    </ClInclude>
    <ClInclude Include="..\..\..\..\..\Thor\Thor\include\FreeRTOSConfig.h">
      <Filter>Thor\include</Filter>
    </ClInclude>
    <ClInclude Include="..\..\..\..\..\Thor\Thor\include\gdb.hpp">
      <Filter>Thor\include</Filter>
    </ClInclude>
    <ClInclude Include="..\..\..\..\..\Thor\Thor\include\gpio.hpp">
      <Filter>Thor\include</Filter>
    </ClInclude>
    <ClInclude Include="..\..\..\..\..\Thor\Thor\include\headers.hpp">
      <Filter>Thor\include</Filter>
    </ClInclude>
    <ClInclude Include="..\..\..\..\..\Thor\Thor\include\i2c.hpp">
      <Filter>Thor\include</Filter>
    </ClInclude>
    <ClInclude Include="..\..\..\..\..\Thor\Thor\include\interrupt.hpp">
      <Filter>Thor\include</Filter>
    </ClInclude>
    <ClInclude Include="..\..\..\..\..\Thor\Thor\include\macro.hpp">
      <Filter>Thor\include</Filter>
    </ClInclude>
    <ClInclude Include="..\..\..\..\..\Thor\Thor\include\mem.hpp">
      <Filter>Thor\include</Filter>
    </ClInclude>
    <ClInclude Include="..\..\..\..\..\Thor\Thor\include\nucleo.hpp">
      <Filter>Thor\include</Filter>
    </ClInclude>
    <ClInclude Include="..\..\..\..\..\Thor\Thor\include\preprocessor.hpp">
      <Filter>Thor\include</Filter>
    </ClInclude>
    <ClInclude Include="..\..\..\..\..\Thor\Thor\include\print.hpp">
      <Filter>Thor\include</Filter>
    </ClInclude>
    <ClInclude Include="..\..\..\..\..\Thor\Thor\include\pwm.hpp">
      <Filter>Thor\include</Filter>
    </ClInclude>
    <ClInclude Include="..\..\..\..\..\Thor\Thor\include\ringbuffer.hpp">
      <Filter>Thor\include</Filter>
    </ClInclude>
    <ClInclude Include="..\..\..\..\..\Thor\Thor\include\rpc.hpp">
      <Filter>Thor\include</Filter>
    </ClInclude>
    <ClInclude Include="..\..\..\..\..\Thor\Thor\include\serial.hpp">
      <Filter>Thor\include</Filter>
    </ClInclude>
    <ClInclude Include="..\..\..\..\..\Thor\Thor\include\spi.hpp">
      <Filter>Thor\include</Filter>
    </ClInclude>
    <ClInclude Include="..\..\..\..\..\Thor\Thor\include\system.hpp">
      <Filter>Thor\include</Filter>
    </ClInclude>
    <ClInclude Include="..\..\..\..\..\Thor\Thor\include\thor.hpp">
      <Filter>Thor\include</Filter>
    </ClInclude>
    <ClInclude Include="..\..\..\..\..\Thor\Thor\include\threads.hpp">
      <Filter>Thor\include</Filter>
    </ClInclude>
    <ClInclude Include="..\..\..\..\..\Thor\Thor\include\timer.hpp">
      <Filter>Thor\include</Filter>
    </ClInclude>
    <ClInclude Include="..\..\..\..\..\Thor\Thor\include\types.hpp">
      <Filter>Thor\include</Filter>
    </ClInclude>
    <ClInclude Include="..\..\..\..\..\Thor\Thor\include\uart.hpp">
      <Filter>Thor\include</Filter>
    </ClInclude>
    <ClInclude Include="..\..\..\..\..\Thor\Thor\include\usart.hpp">
      <Filter>Thor\include</Filter>
    </ClInclude>
    <ClInclude Include="..\..\..\..\..\Thor\Thor\include\utilities.hpp">
      <Filter>Thor\include</Filter>
    </ClInclude>
    <ClInclude Include="..\..\..\..\..\Thor\Thor\include\watchdog.hpp">
      <Filter>Thor\include</Filter>
    </ClInclude>
    <ClCompile Include="..\..\..\..\..\Thor\Thor\source\boostStub.cpp">
      <Filter>Thor\source</Filter>
    </ClCompile>
    <ClCompile Include="..\..\..\..\..\Thor\Thor\source\clock.cpp">
      <Filter>Thor\source</Filter>
    </ClCompile>
    <ClCompile Include="..\..\..\..\..\Thor\Thor\source\core.cpp">
      <Filter>Thor\source</Filter>
    </ClCompile>
    <ClCompile Include="..\..\..\..\..\Thor\Thor\source\defaults.cpp">
      <Filter>Thor\source</Filter>
    </ClCompile>
    <ClCompile Include="..\..\..\..\..\Thor\Thor\source\definitions.cpp">
      <Filter>Thor\source</Filter>
    </ClCompile>
    <ClCompile Include="..\..\..\..\..\Thor\Thor\source\exceptions.cpp">
      <Filter>Thor\source</Filter>
    </ClCompile>
    <ClCompile Include="..\..\..\..\..\Thor\Thor\source\exti.cpp">
      <Filter>Thor\source</Filter>
    </ClCompile>
    <ClCompile Include="..\..\..\..\..\Thor\Thor\source\flags.cpp">
      <Filter>Thor\source</Filter>
    </ClCompile>
    <ClCompile Include="..\..\..\..\..\Thor\Thor\source\gdb.cpp">
      <Filter>Thor\source</Filter>
    </ClCompile>
    <ClCompile Include="..\..\..\..\..\Thor\Thor\source\gpio.cpp">
      <Filter>Thor\source</Filter>
    </ClCompile>
    <ClCompile Include="..\..\..\..\..\Thor\Thor\source\i2c.cpp">
      <Filter>Thor\source</Filter>
    </ClCompile>
    <ClCompile Include="..\..\..\..\..\Thor\Thor\source\interrupt.cpp">
      <Filter>Thor\source</Filter>
    </ClCompile>
    <ClCompile Include="..\..\..\..\..\Thor\Thor\source\mem.cpp">
      <Filter>Thor\source</Filter>
    </ClCompile>
    <ClCompile Include="..\..\..\..\..\Thor\Thor\source\nucleo.cpp">
      <Filter>Thor\source</Filter>
    </ClCompile>
    <ClCompile Include="..\..\..\..\..\Thor\Thor\source\print.cpp">
      <Filter>Thor\source</Filter>
    </ClCompile>
    <ClCompile Include="..\..\..\..\..\Thor\Thor\source\pwm.cpp">
      <Filter>Thor\source</Filter>
    </ClCompile>
    <ClCompile Include="..\..\..\..\..\Thor\Thor\source\ringbuffer.cpp">
      <Filter>Thor\source</Filter>
    </ClCompile>
    <ClCompile Include="..\..\..\..\..\Thor\Thor\source\rpc.cpp">
      <Filter>Thor\source</Filter>
    </ClCompile>
    <ClCompile Include="..\..\..\..\..\Thor\Thor\source\serial.cpp">
      <Filter>Thor\source</Filter>
    </ClCompile>
    <ClCompile Include="..\..\..\..\..\Thor\Thor\source\spi.cpp">
      <Filter>Thor\source</Filter>
    </ClCompile>
    <ClCompile Include="..\..\..\..\..\Thor\Thor\source\thor.cpp">
      <Filter>Thor\source</Filter>
    </ClCompile>
    <ClCompile Include="..\..\..\..\..\Thor\Thor\source\thor_timer.cpp">
      <Filter>Thor\source</Filter>
    </ClCompile>
    <ClCompile Include="..\..\..\..\..\Thor\Thor\source\thor_watchdog.cpp">
      <Filter>Thor\source</Filter>
    </ClCompile>
    <ClCompile Include="..\..\..\..\..\Thor\Thor\source\threads.cpp">
      <Filter>Thor\source</Filter>
    </ClCompile>
    <ClCompile Include="..\..\..\..\..\Thor\Thor\source\uart.cpp">
      <Filter>Thor\source</Filter>
    </ClCompile>
    <ClCompile Include="..\..\..\..\..\Thor\Thor\source\usart.cpp">
      <Filter>Thor\source</Filter>
    </ClCompile>
    <ClCompile Include="..\..\..\..\..\Thor\lib\FreeRTOS\croutine.c">
      <Filter>FreeRTOS</Filter>
    </ClCompile>
    <ClCompile Include="..\..\..\..\..\Thor\lib\FreeRTOS\event_groups.c">
      <Filter>FreeRTOS</Filter>
    </ClCompile>
    <ClCompile Include="..\..\..\..\..\Thor\lib\FreeRTOS\list.c">
      <Filter>FreeRTOS</Filter>
    </ClCompile>
    <ClCompile Include="..\..\..\..\..\Thor\lib\FreeRTOS\queue.c">
      <Filter>FreeRTOS</Filter>
    </ClCompile>
    <ClCompile Include="..\..\..\..\..\Thor\lib\FreeRTOS\stream_buffer.c">
      <Filter>FreeRTOS</Filter>
    </ClCompile>
    <ClCompile Include="..\..\..\..\..\Thor\lib\FreeRTOS\tasks.c">
      <Filter>FreeRTOS</Filter>
    </ClCompile>
    <ClCompile Include="..\..\..\..\..\Thor\lib\FreeRTOS\timers.c">
      <Filter>FreeRTOS</Filter>
    </ClCompile>
    <ClInclude Include="..\..\..\..\..\Thor\lib\FreeRTOS\config\stm32\FreeRTOSConfig.h">
      <Filter>FreeRTOS\config\stm32</Filter>
    </ClInclude>
    <ClInclude Include="..\..\..\..\..\Thor\lib\FreeRTOS\include\croutine.h">
      <Filter>FreeRTOS\include</Filter>
    </ClInclude>
    <ClInclude Include="..\..\..\..\..\Thor\lib\FreeRTOS\include\deprecated_definitions.h">
      <Filter>FreeRTOS\include</Filter>
    </ClInclude>
    <ClInclude Include="..\..\..\..\..\Thor\lib\FreeRTOS\include\event_groups.h">
      <Filter>FreeRTOS\include</Filter>
    </ClInclude>
    <ClInclude Include="..\..\..\..\..\Thor\lib\FreeRTOS\include\FreeRTOS.h">
      <Filter>FreeRTOS\include</Filter>
    </ClInclude>
    <ClInclude Include="..\..\..\..\..\Thor\lib\FreeRTOS\include\list.h">
      <Filter>FreeRTOS\include</Filter>
    </ClInclude>
    <ClInclude Include="..\..\..\..\..\Thor\lib\FreeRTOS\include\message_buffer.h">
      <Filter>FreeRTOS\include</Filter>
    </ClInclude>
    <ClInclude Include="..\..\..\..\..\Thor\lib\FreeRTOS\include\mpu_prototypes.h">
      <Filter>FreeRTOS\include</Filter>
    </ClInclude>
    <ClInclude Include="..\..\..\..\..\Thor\lib\FreeRTOS\include\mpu_wrappers.h">
      <Filter>FreeRTOS\include</Filter>
    </ClInclude>
    <ClInclude Include="..\..\..\..\..\Thor\lib\FreeRTOS\include\portable.h">
      <Filter>FreeRTOS\include</Filter>
    </ClInclude>
    <ClInclude Include="..\..\..\..\..\Thor\lib\FreeRTOS\include\projdefs.h">
      <Filter>FreeRTOS\include</Filter>
    </ClInclude>
    <ClInclude Include="..\..\..\..\..\Thor\lib\FreeRTOS\include\queue.h">
      <Filter>FreeRTOS\include</Filter>
    </ClInclude>
    <ClInclude Include="..\..\..\..\..\Thor\lib\FreeRTOS\include\semphr.h">
      <Filter>FreeRTOS\include</Filter>
    </ClInclude>
    <ClInclude Include="..\..\..\..\..\Thor\lib\FreeRTOS\include\StackMacros.h">
      <Filter>FreeRTOS\include</Filter>
    </ClInclude>
    <ClInclude Include="..\..\..\..\..\Thor\lib\FreeRTOS\include\stack_macros.h">
      <Filter>FreeRTOS\include</Filter>
    </ClInclude>
    <ClInclude Include="..\..\..\..\..\Thor\lib\FreeRTOS\include\stream_buffer.h">
      <Filter>FreeRTOS\include</Filter>
    </ClInclude>
    <ClInclude Include="..\..\..\..\..\Thor\lib\FreeRTOS\include\task.h">
      <Filter>FreeRTOS\include</Filter>
    </ClInclude>
    <ClInclude Include="..\..\..\..\..\Thor\lib\FreeRTOS\include\timers.h">
      <Filter>FreeRTOS\include</Filter>
    </ClInclude>
    <ClCompile Include="..\..\..\..\..\Thor\lib\FreeRTOS\portable\Common\mpu_wrappers.c">
      <Filter>FreeRTOS\portable\Common</Filter>
    </ClCompile>
    <ClCompile Include="..\..\..\..\..\Thor\lib\FreeRTOS\portable\GCC\ARM_CM7\r0p1\port.c">
      <Filter>FreeRTOS\portable\GCC\ARM_CM7\r0p1</Filter>
    </ClCompile>
    <ClInclude Include="..\..\..\..\..\Thor\lib\FreeRTOS\portable\GCC\ARM_CM7\r0p1\portmacro.h">
      <Filter>FreeRTOS\portable\GCC\ARM_CM7\r0p1</Filter>
    </ClInclude>
    <ClCompile Include="..\..\..\..\..\Thor\lib\FreeRTOS\portable\MemMang\heap_4.c">
      <Filter>FreeRTOS\portable\MemMang</Filter>
    </ClCompile>
    <ClCompile Include="$(BSP_ROOT)\STM32F7xxxx\StartupFiles\startup_stm32f767xx.c">
      <Filter>Source files\Device-specific files</Filter>
    </ClCompile>
  </ItemGroup>
  <ItemGroup>
    <ClInclude Include="..\..\test.hpp">
      <Filter>Header files</Filter>
    </ClInclude>
  </ItemGroup>
</Project>